{
    "version": 3,
    "terraform_version": "0.11.7",
    "serial": 5,
    "lineage": "8c229cd0-3deb-d569-cf1d-94a0c42f11ef",
    "modules": [
        {
            "path": [
                "root"
            ],
            "outputs": {
                "bastion_security_group_ids": {
                    "sensitive": false,
                    "type": "list",
                    "value": [
                        "sg-43d9fa3a"
                    ]
                },
                "bastions_role_arn": {
                    "sensitive": false,
                    "type": "string",
                    "value": "arn:aws:iam::956613982393:role/bastions.k8s.original4sure.com"
                },
                "bastions_role_name": {
                    "sensitive": false,
                    "type": "string",
                    "value": "bastions.k8s.original4sure.com"
                },
                "cluster_name": {
                    "sensitive": false,
                    "type": "string",
                    "value": "k8s.original4sure.com"
                },
                "master_security_group_ids": {
                    "sensitive": false,
                    "type": "list",
                    "value": [
                        "sg-42d9fa3b"
                    ]
                },
                "masters_role_arn": {
                    "sensitive": false,
                    "type": "string",
                    "value": "arn:aws:iam::956613982393:role/masters.k8s.original4sure.com"
                },
                "masters_role_name": {
                    "sensitive": false,
                    "type": "string",
                    "value": "masters.k8s.original4sure.com"
                },
                "node_security_group_ids": {
                    "sensitive": false,
                    "type": "list",
                    "value": [
                        "sg-25d0f35c"
                    ]
                },
                "node_subnet_ids": {
                    "sensitive": false,
                    "type": "list",
                    "value": [
                        "subnet-967e52f1",
                        "subnet-a597caec",
                        "subnet-54d7370d"
                    ]
                },
                "nodes_role_arn": {
                    "sensitive": false,
                    "type": "string",
                    "value": "arn:aws:iam::956613982393:role/nodes.k8s.original4sure.com"
                },
                "nodes_role_name": {
                    "sensitive": false,
                    "type": "string",
                    "value": "nodes.k8s.original4sure.com"
                },
                "region": {
                    "sensitive": false,
                    "type": "string",
                    "value": "ap-southeast-1"
                },
                "vpc_id": {
                    "sensitive": false,
                    "type": "string",
                    "value": "vpc-48f4992f"
                }
            },
            "resources": {
                "aws_autoscaling_attachment.bastions-k8s-original4sure-com": {
                    "type": "aws_autoscaling_attachment",
                    "depends_on": [
                        "aws_autoscaling_group.bastions-k8s-original4sure-com",
                        "aws_elb.bastion-k8s-original4sure-com"
                    ],
                    "primary": {
                        "id": "bastions.k8s.original4sure.com-20180514102303043900000008",
                        "attributes": {
                            "autoscaling_group_name": "bastions.k8s.original4sure.com",
                            "elb": "bastion-k8s-original4sure-cb3vod",
                            "id": "bastions.k8s.original4sure.com-20180514102303043900000008"
                        },
                        "meta": {},
                        "tainted": false
                    },
                    "deposed": [],
                    "provider": "provider.aws"
                },
                "aws_autoscaling_attachment.master-ap-southeast-1a-masters-k8s-original4sure-com": {
                    "type": "aws_autoscaling_attachment",
                    "depends_on": [
                        "aws_autoscaling_group.master-ap-southeast-1a-masters-k8s-original4sure-com",
                        "aws_elb.api-k8s-original4sure-com"
                    ],
                    "primary": {
                        "id": "master-ap-southeast-1a.masters.k8s.original4sure.com-20180514102304516100000009",
                        "attributes": {
                            "autoscaling_group_name": "master-ap-southeast-1a.masters.k8s.original4sure.com",
                            "elb": "api-k8s-original4sure-com-55raur",
                            "id": "master-ap-southeast-1a.masters.k8s.original4sure.com-20180514102304516100000009"
                        },
                        "meta": {},
                        "tainted": false
                    },
                    "deposed": [],
                    "provider": "provider.aws"
                },
                "aws_autoscaling_attachment.master-ap-southeast-1b-masters-k8s-original4sure-com": {
                    "type": "aws_autoscaling_attachment",
                    "depends_on": [
                        "aws_autoscaling_group.master-ap-southeast-1b-masters-k8s-original4sure-com",
                        "aws_elb.api-k8s-original4sure-com"
                    ],
                    "primary": {
                        "id": "master-ap-southeast-1b.masters.k8s.original4sure.com-20180514102254008400000006",
                        "attributes": {
                            "autoscaling_group_name": "master-ap-southeast-1b.masters.k8s.original4sure.com",
                            "elb": "api-k8s-original4sure-com-55raur",
                            "id": "master-ap-southeast-1b.masters.k8s.original4sure.com-20180514102254008400000006"
                        },
                        "meta": {},
                        "tainted": false
                    },
                    "deposed": [],
                    "provider": "provider.aws"
                },
                "aws_autoscaling_attachment.master-ap-southeast-1c-masters-k8s-original4sure-com": {
                    "type": "aws_autoscaling_attachment",
                    "depends_on": [
                        "aws_autoscaling_group.master-ap-southeast-1c-masters-k8s-original4sure-com",
                        "aws_elb.api-k8s-original4sure-com"
                    ],
                    "primary": {
                        "id": "master-ap-southeast-1c.masters.k8s.original4sure.com-20180514102302801500000007",
                        "attributes": {
                            "autoscaling_group_name": "master-ap-southeast-1c.masters.k8s.original4sure.com",
                            "elb": "api-k8s-original4sure-com-55raur",
                            "id": "master-ap-southeast-1c.masters.k8s.original4sure.com-20180514102302801500000007"
                        },
                        "meta": {},
                        "tainted": false
                    },
                    "deposed": [],
                    "provider": "provider.aws"
                },
                "aws_autoscaling_group.bastions-k8s-original4sure-com": {
                    "type": "aws_autoscaling_group",
                    "depends_on": [
                        "aws_launch_configuration.bastions-k8s-original4sure-com",
                        "aws_subnet.utility-ap-southeast-1a-k8s-original4sure-com",
                        "aws_subnet.utility-ap-southeast-1b-k8s-original4sure-com",
                        "aws_subnet.utility-ap-southeast-1c-k8s-original4sure-com"
                    ],
                    "primary": {
                        "id": "bastions.k8s.original4sure.com",
                        "attributes": {
                            "arn": "arn:aws:autoscaling:ap-southeast-1:956613982393:autoScalingGroup:344a3aba-9aed-410f-bd63-398801e09f99:autoScalingGroupName/bastions.k8s.original4sure.com",
                            "availability_zones.#": "3",
                            "availability_zones.160404431": "ap-southeast-1b",
                            "availability_zones.2122883929": "ap-southeast-1c",
                            "availability_zones.2424750709": "ap-southeast-1a",
                            "default_cooldown": "300",
                            "desired_capacity": "1",
                            "enabled_metrics.#": "8",
                            "enabled_metrics.119681000": "GroupStandbyInstances",
                            "enabled_metrics.1940933563": "GroupTotalInstances",
                            "enabled_metrics.308948767": "GroupPendingInstances",
                            "enabled_metrics.3267518000": "GroupTerminatingInstances",
                            "enabled_metrics.3394537085": "GroupDesiredCapacity",
                            "enabled_metrics.3551801763": "GroupInServiceInstances",
                            "enabled_metrics.4118539418": "GroupMinSize",
                            "enabled_metrics.4136111317": "GroupMaxSize",
                            "force_delete": "false",
                            "health_check_grace_period": "300",
                            "health_check_type": "EC2",
                            "id": "bastions.k8s.original4sure.com",
                            "launch_configuration": "bastions.k8s.original4sure.com-20180514102205149700000005",
                            "launch_template.#": "0",
                            "load_balancers.#": "0",
                            "max_size": "1",
                            "metrics_granularity": "1Minute",
                            "min_size": "1",
                            "name": "bastions.k8s.original4sure.com",
                            "placement_group": "",
                            "protect_from_scale_in": "false",
                            "service_linked_role_arn": "arn:aws:iam::956613982393:role/aws-service-role/autoscaling.amazonaws.com/AWSServiceRoleForAutoScaling",
                            "suspended_processes.#": "0",
                            "tag.#": "4",
                            "tag.3217415082.key": "k8s.io/role/bastion",
                            "tag.3217415082.propagate_at_launch": "true",
                            "tag.3217415082.value": "1",
                            "tag.3417847011.key": "Name",
                            "tag.3417847011.propagate_at_launch": "true",
                            "tag.3417847011.value": "bastions.k8s.original4sure.com",
                            "tag.3560467943.key": "KubernetesCluster",
                            "tag.3560467943.propagate_at_launch": "true",
                            "tag.3560467943.value": "k8s.original4sure.com",
                            "tag.3751126233.key": "k8s.io/cluster-autoscaler/node-template/label/kops.k8s.io/instancegroup",
                            "tag.3751126233.propagate_at_launch": "true",
                            "tag.3751126233.value": "bastions",
                            "target_group_arns.#": "0",
                            "termination_policies.#": "0",
                            "vpc_zone_identifier.#": "3",
                            "vpc_zone_identifier.1423794507": "subnet-21d78168",
                            "vpc_zone_identifier.2784605793": "subnet-08dc3b51",
                            "vpc_zone_identifier.2951992834": "subnet-f85e7f9f",
                            "wait_for_capacity_timeout": "10m"
                        },
                        "meta": {
                            "e2bfb730-ecaa-11e6-8f88-34363bc7c4c0": {
                                "delete": 600000000000
                            }
                        },
                        "tainted": false
                    },
                    "deposed": [],
                    "provider": "provider.aws"
                },
                "aws_autoscaling_group.master-ap-southeast-1a-masters-k8s-original4sure-com": {
                    "type": "aws_autoscaling_group",
                    "depends_on": [
                        "aws_launch_configuration.master-ap-southeast-1a-masters-k8s-original4sure-com",
                        "aws_subnet.ap-southeast-1a-k8s-original4sure-com"
                    ],
                    "primary": {
                        "id": "master-ap-southeast-1a.masters.k8s.original4sure.com",
                        "attributes": {
                            "arn": "arn:aws:autoscaling:ap-southeast-1:956613982393:autoScalingGroup:ed22c0b6-c470-4207-b6d1-2a75ce27f1d3:autoScalingGroupName/master-ap-southeast-1a.masters.k8s.original4sure.com",
                            "availability_zones.#": "1",
                            "availability_zones.2424750709": "ap-southeast-1a",
                            "default_cooldown": "300",
                            "desired_capacity": "1",
                            "enabled_metrics.#": "8",
                            "enabled_metrics.119681000": "GroupStandbyInstances",
                            "enabled_metrics.1940933563": "GroupTotalInstances",
                            "enabled_metrics.308948767": "GroupPendingInstances",
                            "enabled_metrics.3267518000": "GroupTerminatingInstances",
                            "enabled_metrics.3394537085": "GroupDesiredCapacity",
                            "enabled_metrics.3551801763": "GroupInServiceInstances",
                            "enabled_metrics.4118539418": "GroupMinSize",
                            "enabled_metrics.4136111317": "GroupMaxSize",
                            "force_delete": "false",
                            "health_check_grace_period": "300",
                            "health_check_type": "EC2",
                            "id": "master-ap-southeast-1a.masters.k8s.original4sure.com",
                            "launch_configuration": "master-ap-southeast-1a.masters.k8s.original4sure.com-20180514102201155200000002",
                            "launch_template.#": "0",
                            "load_balancers.#": "0",
                            "max_size": "1",
                            "metrics_granularity": "1Minute",
                            "min_size": "1",
                            "name": "master-ap-southeast-1a.masters.k8s.original4sure.com",
                            "placement_group": "",
                            "protect_from_scale_in": "false",
                            "service_linked_role_arn": "arn:aws:iam::956613982393:role/aws-service-role/autoscaling.amazonaws.com/AWSServiceRoleForAutoScaling",
                            "suspended_processes.#": "0",
                            "tag.#": "4",
                            "tag.1149862322.key": "Name",
                            "tag.1149862322.propagate_at_launch": "true",
                            "tag.1149862322.value": "master-ap-southeast-1a.masters.k8s.original4sure.com",
                            "tag.1601041186.key": "k8s.io/role/master",
                            "tag.1601041186.propagate_at_launch": "true",
                            "tag.1601041186.value": "1",
                            "tag.3402987076.key": "k8s.io/cluster-autoscaler/node-template/label/kops.k8s.io/instancegroup",
                            "tag.3402987076.propagate_at_launch": "true",
                            "tag.3402987076.value": "master-ap-southeast-1a",
                            "tag.3560467943.key": "KubernetesCluster",
                            "tag.3560467943.propagate_at_launch": "true",
                            "tag.3560467943.value": "k8s.original4sure.com",
                            "target_group_arns.#": "0",
                            "termination_policies.#": "0",
                            "vpc_zone_identifier.#": "1",
                            "vpc_zone_identifier.932324885": "subnet-967e52f1",
                            "wait_for_capacity_timeout": "10m"
                        },
                        "meta": {
                            "e2bfb730-ecaa-11e6-8f88-34363bc7c4c0": {
                                "delete": 600000000000
                            }
                        },
                        "tainted": false
                    },
                    "deposed": [],
                    "provider": "provider.aws"
                },
                "aws_autoscaling_group.master-ap-southeast-1b-masters-k8s-original4sure-com": {
                    "type": "aws_autoscaling_group",
                    "depends_on": [
                        "aws_launch_configuration.master-ap-southeast-1b-masters-k8s-original4sure-com",
                        "aws_subnet.ap-southeast-1b-k8s-original4sure-com"
                    ],
                    "primary": {
                        "id": "master-ap-southeast-1b.masters.k8s.original4sure.com",
                        "attributes": {
                            "arn": "arn:aws:autoscaling:ap-southeast-1:956613982393:autoScalingGroup:de559bcf-73c5-4bda-a893-ebdbd9c8b88f:autoScalingGroupName/master-ap-southeast-1b.masters.k8s.original4sure.com",
                            "availability_zones.#": "1",
                            "availability_zones.160404431": "ap-southeast-1b",
                            "default_cooldown": "300",
                            "desired_capacity": "1",
                            "enabled_metrics.#": "8",
                            "enabled_metrics.119681000": "GroupStandbyInstances",
                            "enabled_metrics.1940933563": "GroupTotalInstances",
                            "enabled_metrics.308948767": "GroupPendingInstances",
                            "enabled_metrics.3267518000": "GroupTerminatingInstances",
                            "enabled_metrics.3394537085": "GroupDesiredCapacity",
                            "enabled_metrics.3551801763": "GroupInServiceInstances",
                            "enabled_metrics.4118539418": "GroupMinSize",
                            "enabled_metrics.4136111317": "GroupMaxSize",
                            "force_delete": "false",
                            "health_check_grace_period": "300",
                            "health_check_type": "EC2",
                            "id": "master-ap-southeast-1b.masters.k8s.original4sure.com",
                            "launch_configuration": "master-ap-southeast-1b.masters.k8s.original4sure.com-20180514102200798200000001",
                            "launch_template.#": "0",
                            "load_balancers.#": "0",
                            "max_size": "1",
                            "metrics_granularity": "1Minute",
                            "min_size": "1",
                            "name": "master-ap-southeast-1b.masters.k8s.original4sure.com",
                            "placement_group": "",
                            "protect_from_scale_in": "false",
                            "service_linked_role_arn": "arn:aws:iam::956613982393:role/aws-service-role/autoscaling.amazonaws.com/AWSServiceRoleForAutoScaling",
                            "suspended_processes.#": "0",
                            "tag.#": "4",
                            "tag.1601041186.key": "k8s.io/role/master",
                            "tag.1601041186.propagate_at_launch": "true",
                            "tag.1601041186.value": "1",
                            "tag.3560467943.key": "KubernetesCluster",
                            "tag.3560467943.propagate_at_launch": "true",
                            "tag.3560467943.value": "k8s.original4sure.com",
                            "tag.4215106777.key": "k8s.io/cluster-autoscaler/node-template/label/kops.k8s.io/instancegroup",
                            "tag.4215106777.propagate_at_launch": "true",
                            "tag.4215106777.value": "master-ap-southeast-1b",
                            "tag.518569682.key": "Name",
                            "tag.518569682.propagate_at_launch": "true",
                            "tag.518569682.value": "master-ap-southeast-1b.masters.k8s.original4sure.com",
                            "target_group_arns.#": "0",
                            "termination_policies.#": "0",
                            "vpc_zone_identifier.#": "1",
                            "vpc_zone_identifier.3602156204": "subnet-a597caec",
                            "wait_for_capacity_timeout": "10m"
                        },
                        "meta": {
                            "e2bfb730-ecaa-11e6-8f88-34363bc7c4c0": {
                                "delete": 600000000000
                            }
                        },
                        "tainted": false
                    },
                    "deposed": [],
                    "provider": "provider.aws"
                },
                "aws_autoscaling_group.master-ap-southeast-1c-masters-k8s-original4sure-com": {
                    "type": "aws_autoscaling_group",
                    "depends_on": [
                        "aws_launch_configuration.master-ap-southeast-1c-masters-k8s-original4sure-com",
                        "aws_subnet.ap-southeast-1c-k8s-original4sure-com"
                    ],
                    "primary": {
                        "id": "master-ap-southeast-1c.masters.k8s.original4sure.com",
                        "attributes": {
                            "arn": "arn:aws:autoscaling:ap-southeast-1:956613982393:autoScalingGroup:ed59a444-7790-49cd-a08d-97c9f9831ad9:autoScalingGroupName/master-ap-southeast-1c.masters.k8s.original4sure.com",
                            "availability_zones.#": "1",
                            "availability_zones.2122883929": "ap-southeast-1c",
                            "default_cooldown": "300",
                            "desired_capacity": "1",
                            "enabled_metrics.#": "8",
                            "enabled_metrics.119681000": "GroupStandbyInstances",
                            "enabled_metrics.1940933563": "GroupTotalInstances",
                            "enabled_metrics.308948767": "GroupPendingInstances",
                            "enabled_metrics.3267518000": "GroupTerminatingInstances",
                            "enabled_metrics.3394537085": "GroupDesiredCapacity",
                            "enabled_metrics.3551801763": "GroupInServiceInstances",
                            "enabled_metrics.4118539418": "GroupMinSize",
                            "enabled_metrics.4136111317": "GroupMaxSize",
                            "force_delete": "false",
                            "health_check_grace_period": "300",
                            "health_check_type": "EC2",
                            "id": "master-ap-southeast-1c.masters.k8s.original4sure.com",
                            "launch_configuration": "master-ap-southeast-1c.masters.k8s.original4sure.com-20180514102202046700000003",
                            "launch_template.#": "0",
                            "load_balancers.#": "0",
                            "max_size": "1",
                            "metrics_granularity": "1Minute",
                            "min_size": "1",
                            "name": "master-ap-southeast-1c.masters.k8s.original4sure.com",
                            "placement_group": "",
                            "protect_from_scale_in": "false",
                            "service_linked_role_arn": "arn:aws:iam::956613982393:role/aws-service-role/autoscaling.amazonaws.com/AWSServiceRoleForAutoScaling",
                            "suspended_processes.#": "0",
                            "tag.#": "4",
                            "tag.1565157229.key": "k8s.io/cluster-autoscaler/node-template/label/kops.k8s.io/instancegroup",
                            "tag.1565157229.propagate_at_launch": "true",
                            "tag.1565157229.value": "master-ap-southeast-1c",
                            "tag.1601041186.key": "k8s.io/role/master",
                            "tag.1601041186.propagate_at_launch": "true",
                            "tag.1601041186.value": "1",
                            "tag.2652416461.key": "Name",
                            "tag.2652416461.propagate_at_launch": "true",
                            "tag.2652416461.value": "master-ap-southeast-1c.masters.k8s.original4sure.com",
                            "tag.3560467943.key": "KubernetesCluster",
                            "tag.3560467943.propagate_at_launch": "true",
                            "tag.3560467943.value": "k8s.original4sure.com",
                            "target_group_arns.#": "0",
                            "termination_policies.#": "0",
                            "vpc_zone_identifier.#": "1",
                            "vpc_zone_identifier.3945465375": "subnet-54d7370d",
                            "wait_for_capacity_timeout": "10m"
                        },
                        "meta": {
                            "e2bfb730-ecaa-11e6-8f88-34363bc7c4c0": {
                                "delete": 600000000000
                            }
                        },
                        "tainted": false
                    },
                    "deposed": [],
                    "provider": "provider.aws"
                },
                "aws_autoscaling_group.nodes-k8s-original4sure-com": {
                    "type": "aws_autoscaling_group",
                    "depends_on": [
                        "aws_launch_configuration.nodes-k8s-original4sure-com",
                        "aws_subnet.ap-southeast-1a-k8s-original4sure-com",
                        "aws_subnet.ap-southeast-1b-k8s-original4sure-com",
                        "aws_subnet.ap-southeast-1c-k8s-original4sure-com"
                    ],
                    "primary": {
                        "id": "nodes.k8s.original4sure.com",
                        "attributes": {
                            "arn": "arn:aws:autoscaling:ap-southeast-1:956613982393:autoScalingGroup:2856a0f1-0ba7-4c4d-b8e6-3fc7bb968972:autoScalingGroupName/nodes.k8s.original4sure.com",
                            "availability_zones.#": "3",
                            "availability_zones.160404431": "ap-southeast-1b",
                            "availability_zones.2122883929": "ap-southeast-1c",
                            "availability_zones.2424750709": "ap-southeast-1a",
                            "default_cooldown": "300",
                            "desired_capacity": "3",
                            "enabled_metrics.#": "8",
                            "enabled_metrics.119681000": "GroupStandbyInstances",
                            "enabled_metrics.1940933563": "GroupTotalInstances",
                            "enabled_metrics.308948767": "GroupPendingInstances",
                            "enabled_metrics.3267518000": "GroupTerminatingInstances",
                            "enabled_metrics.3394537085": "GroupDesiredCapacity",
                            "enabled_metrics.3551801763": "GroupInServiceInstances",
                            "enabled_metrics.4118539418": "GroupMinSize",
                            "enabled_metrics.4136111317": "GroupMaxSize",
                            "force_delete": "false",
                            "health_check_grace_period": "300",
                            "health_check_type": "EC2",
                            "id": "nodes.k8s.original4sure.com",
                            "launch_configuration": "nodes.k8s.original4sure.com-20180514102202058100000004",
                            "launch_template.#": "0",
                            "load_balancers.#": "0",
                            "max_size": "3",
                            "metrics_granularity": "1Minute",
                            "min_size": "3",
                            "name": "nodes.k8s.original4sure.com",
                            "placement_group": "",
                            "protect_from_scale_in": "false",
                            "service_linked_role_arn": "arn:aws:iam::956613982393:role/aws-service-role/autoscaling.amazonaws.com/AWSServiceRoleForAutoScaling",
                            "suspended_processes.#": "0",
                            "tag.#": "4",
                            "tag.1274054688.key": "Name",
                            "tag.1274054688.propagate_at_launch": "true",
                            "tag.1274054688.value": "nodes.k8s.original4sure.com",
                            "tag.1967977115.key": "k8s.io/role/node",
                            "tag.1967977115.propagate_at_launch": "true",
                            "tag.1967977115.value": "1",
                            "tag.3560467943.key": "KubernetesCluster",
                            "tag.3560467943.propagate_at_launch": "true",
                            "tag.3560467943.value": "k8s.original4sure.com",
                            "tag.859419842.key": "k8s.io/cluster-autoscaler/node-template/label/kops.k8s.io/instancegroup",
                            "tag.859419842.propagate_at_launch": "true",
                            "tag.859419842.value": "nodes",
                            "target_group_arns.#": "0",
                            "termination_policies.#": "0",
                            "vpc_zone_identifier.#": "3",
                            "vpc_zone_identifier.3602156204": "subnet-a597caec",
                            "vpc_zone_identifier.3945465375": "subnet-54d7370d",
                            "vpc_zone_identifier.932324885": "subnet-967e52f1",
                            "wait_for_capacity_timeout": "10m"
                        },
                        "meta": {
                            "e2bfb730-ecaa-11e6-8f88-34363bc7c4c0": {
                                "delete": 600000000000
                            }
                        },
                        "tainted": false
                    },
                    "deposed": [],
                    "provider": "provider.aws"
                },
                "aws_ebs_volume.a-etcd-events-k8s-original4sure-com": {
                    "type": "aws_ebs_volume",
                    "depends_on": [],
                    "primary": {
                        "id": "vol-0682f46923e4a6edf",
                        "attributes": {
                            "arn": "arn:aws:ec2:ap-southeast-1:956613982393:volume/vol-0682f46923e4a6edf",
                            "availability_zone": "ap-southeast-1a",
                            "encrypted": "false",
                            "id": "vol-0682f46923e4a6edf",
                            "size": "20",
                            "snapshot_id": "",
                            "tags.%": "5",
                            "tags.KubernetesCluster": "k8s.original4sure.com",
                            "tags.Name": "a.etcd-events.k8s.original4sure.com",
                            "tags.k8s.io/etcd/events": "a/a,b,c",
                            "tags.k8s.io/role/master": "1",
                            "tags.kubernetes.io/cluster/k8s.original4sure.com": "owned",
                            "type": "gp2"
                        },
                        "meta": {},
                        "tainted": false
                    },
                    "deposed": [],
                    "provider": "provider.aws"
                },
                "aws_ebs_volume.a-etcd-main-k8s-original4sure-com": {
                    "type": "aws_ebs_volume",
                    "depends_on": [],
                    "primary": {
                        "id": "vol-0c84906ea2e70c178",
                        "attributes": {
                            "arn": "arn:aws:ec2:ap-southeast-1:956613982393:volume/vol-0c84906ea2e70c178",
                            "availability_zone": "ap-southeast-1a",
                            "encrypted": "false",
                            "id": "vol-0c84906ea2e70c178",
                            "size": "20",
                            "snapshot_id": "",
                            "tags.%": "5",
                            "tags.KubernetesCluster": "k8s.original4sure.com",
                            "tags.Name": "a.etcd-main.k8s.original4sure.com",
                            "tags.k8s.io/etcd/main": "a/a,b,c",
                            "tags.k8s.io/role/master": "1",
                            "tags.kubernetes.io/cluster/k8s.original4sure.com": "owned",
                            "type": "gp2"
                        },
                        "meta": {},
                        "tainted": false
                    },
                    "deposed": [],
                    "provider": "provider.aws"
                },
                "aws_ebs_volume.b-etcd-events-k8s-original4sure-com": {
                    "type": "aws_ebs_volume",
                    "depends_on": [],
                    "primary": {
                        "id": "vol-012a21408e9a6c9a6",
                        "attributes": {
                            "arn": "arn:aws:ec2:ap-southeast-1:956613982393:volume/vol-012a21408e9a6c9a6",
                            "availability_zone": "ap-southeast-1b",
                            "encrypted": "false",
                            "id": "vol-012a21408e9a6c9a6",
                            "size": "20",
                            "snapshot_id": "",
                            "tags.%": "5",
                            "tags.KubernetesCluster": "k8s.original4sure.com",
                            "tags.Name": "b.etcd-events.k8s.original4sure.com",
                            "tags.k8s.io/etcd/events": "b/a,b,c",
                            "tags.k8s.io/role/master": "1",
                            "tags.kubernetes.io/cluster/k8s.original4sure.com": "owned",
                            "type": "gp2"
                        },
                        "meta": {},
                        "tainted": false
                    },
                    "deposed": [],
                    "provider": "provider.aws"
                },
                "aws_ebs_volume.b-etcd-main-k8s-original4sure-com": {
                    "type": "aws_ebs_volume",
                    "depends_on": [],
                    "primary": {
                        "id": "vol-03eb2ba0dc344383a",
                        "attributes": {
                            "arn": "arn:aws:ec2:ap-southeast-1:956613982393:volume/vol-03eb2ba0dc344383a",
                            "availability_zone": "ap-southeast-1b",
                            "encrypted": "false",
                            "id": "vol-03eb2ba0dc344383a",
                            "size": "20",
                            "snapshot_id": "",
                            "tags.%": "5",
                            "tags.KubernetesCluster": "k8s.original4sure.com",
                            "tags.Name": "b.etcd-main.k8s.original4sure.com",
                            "tags.k8s.io/etcd/main": "b/a,b,c",
                            "tags.k8s.io/role/master": "1",
                            "tags.kubernetes.io/cluster/k8s.original4sure.com": "owned",
                            "type": "gp2"
                        },
                        "meta": {},
                        "tainted": false
                    },
                    "deposed": [],
                    "provider": "provider.aws"
                },
                "aws_ebs_volume.c-etcd-events-k8s-original4sure-com": {
                    "type": "aws_ebs_volume",
                    "depends_on": [],
                    "primary": {
                        "id": "vol-099aa86c8556a43e0",
                        "attributes": {
                            "arn": "arn:aws:ec2:ap-southeast-1:956613982393:volume/vol-099aa86c8556a43e0",
                            "availability_zone": "ap-southeast-1c",
                            "encrypted": "false",
                            "id": "vol-099aa86c8556a43e0",
                            "size": "20",
                            "snapshot_id": "",
                            "tags.%": "5",
                            "tags.KubernetesCluster": "k8s.original4sure.com",
                            "tags.Name": "c.etcd-events.k8s.original4sure.com",
                            "tags.k8s.io/etcd/events": "c/a,b,c",
                            "tags.k8s.io/role/master": "1",
                            "tags.kubernetes.io/cluster/k8s.original4sure.com": "owned",
                            "type": "gp2"
                        },
                        "meta": {},
                        "tainted": false
                    },
                    "deposed": [],
                    "provider": "provider.aws"
                },
                "aws_ebs_volume.c-etcd-main-k8s-original4sure-com": {
                    "type": "aws_ebs_volume",
                    "depends_on": [],
                    "primary": {
                        "id": "vol-0b6a970cd723a55e7",
                        "attributes": {
                            "arn": "arn:aws:ec2:ap-southeast-1:956613982393:volume/vol-0b6a970cd723a55e7",
                            "availability_zone": "ap-southeast-1c",
                            "encrypted": "false",
                            "id": "vol-0b6a970cd723a55e7",
                            "size": "20",
                            "snapshot_id": "",
                            "tags.%": "5",
                            "tags.KubernetesCluster": "k8s.original4sure.com",
                            "tags.Name": "c.etcd-main.k8s.original4sure.com",
                            "tags.k8s.io/etcd/main": "c/a,b,c",
                            "tags.k8s.io/role/master": "1",
                            "tags.kubernetes.io/cluster/k8s.original4sure.com": "owned",
                            "type": "gp2"
                        },
                        "meta": {},
                        "tainted": false
                    },
                    "deposed": [],
                    "provider": "provider.aws"
                },
                "aws_eip.ap-southeast-1a-k8s-original4sure-com": {
                    "type": "aws_eip",
                    "depends_on": [],
                    "primary": {
                        "id": "eipalloc-fd4547c7",
                        "attributes": {
                            "association_id": "",
                            "domain": "vpc",
                            "id": "eipalloc-fd4547c7",
                            "instance": "",
                            "network_interface": "",
                            "private_ip": "",
                            "public_ip": "52.74.177.136",
                            "tags.%": "3",
                            "tags.KubernetesCluster": "k8s.original4sure.com",
                            "tags.Name": "ap-southeast-1a.k8s.original4sure.com",
                            "tags.kubernetes.io/cluster/k8s.original4sure.com": "owned",
                            "vpc": "true"
                        },
                        "meta": {
                            "e2bfb730-ecaa-11e6-8f88-34363bc7c4c0": {
                                "delete": 180000000000,
                                "read": 900000000000,
                                "update": 300000000000
                            }
                        },
                        "tainted": false
                    },
                    "deposed": [],
                    "provider": "provider.aws"
                },
                "aws_eip.ap-southeast-1b-k8s-original4sure-com": {
                    "type": "aws_eip",
                    "depends_on": [],
                    "primary": {
                        "id": "eipalloc-a047459a",
                        "attributes": {
                            "association_id": "",
                            "domain": "vpc",
                            "id": "eipalloc-a047459a",
                            "instance": "",
                            "network_interface": "",
                            "private_ip": "",
                            "public_ip": "52.77.154.195",
                            "tags.%": "3",
                            "tags.KubernetesCluster": "k8s.original4sure.com",
                            "tags.Name": "ap-southeast-1b.k8s.original4sure.com",
                            "tags.kubernetes.io/cluster/k8s.original4sure.com": "owned",
                            "vpc": "true"
                        },
                        "meta": {
                            "e2bfb730-ecaa-11e6-8f88-34363bc7c4c0": {
                                "delete": 180000000000,
                                "read": 900000000000,
                                "update": 300000000000
                            }
                        },
                        "tainted": false
                    },
                    "deposed": [],
                    "provider": "provider.aws"
                },
                "aws_eip.ap-southeast-1c-k8s-original4sure-com": {
                    "type": "aws_eip",
                    "depends_on": [],
                    "primary": {
                        "id": "eipalloc-7a444640",
                        "attributes": {
                            "association_id": "",
                            "domain": "vpc",
                            "id": "eipalloc-7a444640",
                            "instance": "",
                            "network_interface": "",
                            "private_ip": "",
                            "public_ip": "52.221.42.236",
                            "tags.%": "3",
                            "tags.KubernetesCluster": "k8s.original4sure.com",
                            "tags.Name": "ap-southeast-1c.k8s.original4sure.com",
                            "tags.kubernetes.io/cluster/k8s.original4sure.com": "owned",
                            "vpc": "true"
                        },
                        "meta": {
                            "e2bfb730-ecaa-11e6-8f88-34363bc7c4c0": {
                                "delete": 180000000000,
                                "read": 900000000000,
                                "update": 300000000000
                            }
                        },
                        "tainted": false
                    },
                    "deposed": [],
                    "provider": "provider.aws"
                },
                "aws_elb.api-k8s-original4sure-com": {
                    "type": "aws_elb",
                    "depends_on": [
                        "aws_security_group.api-elb-k8s-original4sure-com",
                        "aws_subnet.utility-ap-southeast-1a-k8s-original4sure-com",
                        "aws_subnet.utility-ap-southeast-1b-k8s-original4sure-com",
                        "aws_subnet.utility-ap-southeast-1c-k8s-original4sure-com"
                    ],
                    "primary": {
                        "id": "api-k8s-original4sure-com-55raur",
                        "attributes": {
                            "access_logs.#": "0",
                            "arn": "arn:aws:elasticloadbalancing:ap-southeast-1:956613982393:loadbalancer/api-k8s-original4sure-com-55raur",
                            "availability_zones.#": "3",
                            "availability_zones.160404431": "ap-southeast-1b",
                            "availability_zones.2122883929": "ap-southeast-1c",
                            "availability_zones.2424750709": "ap-southeast-1a",
                            "connection_draining": "false",
                            "connection_draining_timeout": "300",
                            "cross_zone_load_balancing": "true",
                            "dns_name": "api-k8s-original4sure-com-55raur-595866739.ap-southeast-1.elb.amazonaws.com",
                            "health_check.#": "1",
                            "health_check.0.healthy_threshold": "2",
                            "health_check.0.interval": "10",
                            "health_check.0.target": "SSL:443",
                            "health_check.0.timeout": "5",
                            "health_check.0.unhealthy_threshold": "2",
                            "id": "api-k8s-original4sure-com-55raur",
                            "idle_timeout": "300",
                            "instances.#": "0",
                            "internal": "false",
                            "listener.#": "1",
                            "listener.610193557.instance_port": "443",
                            "listener.610193557.instance_protocol": "tcp",
                            "listener.610193557.lb_port": "443",
                            "listener.610193557.lb_protocol": "tcp",
                            "listener.610193557.ssl_certificate_id": "",
                            "name": "api-k8s-original4sure-com-55raur",
                            "security_groups.#": "1",
                            "security_groups.162947398": "sg-cccdeeb5",
                            "source_security_group": "956613982393/api-elb.k8s.original4sure.com",
                            "source_security_group_id": "sg-cccdeeb5",
                            "subnets.#": "3",
                            "subnets.1423794507": "subnet-21d78168",
                            "subnets.2784605793": "subnet-08dc3b51",
                            "subnets.2951992834": "subnet-f85e7f9f",
                            "tags.%": "2",
                            "tags.KubernetesCluster": "k8s.original4sure.com",
                            "tags.Name": "api.k8s.original4sure.com",
                            "zone_id": "Z1LMS91P8CMLE5"
                        },
                        "meta": {},
                        "tainted": false
                    },
                    "deposed": [],
                    "provider": "provider.aws"
                },
                "aws_elb.bastion-k8s-original4sure-com": {
                    "type": "aws_elb",
                    "depends_on": [
                        "aws_security_group.bastion-elb-k8s-original4sure-com",
                        "aws_subnet.utility-ap-southeast-1a-k8s-original4sure-com",
                        "aws_subnet.utility-ap-southeast-1b-k8s-original4sure-com",
                        "aws_subnet.utility-ap-southeast-1c-k8s-original4sure-com"
                    ],
                    "primary": {
                        "id": "bastion-k8s-original4sure-cb3vod",
                        "attributes": {
                            "access_logs.#": "0",
                            "arn": "arn:aws:elasticloadbalancing:ap-southeast-1:956613982393:loadbalancer/bastion-k8s-original4sure-cb3vod",
                            "availability_zones.#": "3",
                            "availability_zones.160404431": "ap-southeast-1b",
                            "availability_zones.2122883929": "ap-southeast-1c",
                            "availability_zones.2424750709": "ap-southeast-1a",
                            "connection_draining": "false",
                            "connection_draining_timeout": "300",
                            "cross_zone_load_balancing": "true",
                            "dns_name": "bastion-k8s-original4sure-cb3vod-1458287634.ap-southeast-1.elb.amazonaws.com",
                            "health_check.#": "1",
                            "health_check.0.healthy_threshold": "2",
                            "health_check.0.interval": "10",
                            "health_check.0.target": "TCP:22",
                            "health_check.0.timeout": "5",
                            "health_check.0.unhealthy_threshold": "2",
                            "id": "bastion-k8s-original4sure-cb3vod",
                            "idle_timeout": "300",
                            "instances.#": "0",
                            "internal": "false",
                            "listener.#": "1",
                            "listener.829854800.instance_port": "22",
                            "listener.829854800.instance_protocol": "tcp",
                            "listener.829854800.lb_port": "22",
                            "listener.829854800.lb_protocol": "tcp",
                            "listener.829854800.ssl_certificate_id": "",
                            "name": "bastion-k8s-original4sure-cb3vod",
                            "security_groups.#": "1",
                            "security_groups.642020477": "sg-40d9fa39",
                            "source_security_group": "956613982393/bastion-elb.k8s.original4sure.com",
                            "source_security_group_id": "sg-40d9fa39",
                            "subnets.#": "3",
                            "subnets.1423794507": "subnet-21d78168",
                            "subnets.2784605793": "subnet-08dc3b51",
                            "subnets.2951992834": "subnet-f85e7f9f",
                            "tags.%": "2",
                            "tags.KubernetesCluster": "k8s.original4sure.com",
                            "tags.Name": "bastion.k8s.original4sure.com",
                            "zone_id": "Z1LMS91P8CMLE5"
                        },
                        "meta": {},
                        "tainted": false
                    },
                    "deposed": [],
                    "provider": "provider.aws"
                },
                "aws_iam_instance_profile.bastions-k8s-original4sure-com": {
                    "type": "aws_iam_instance_profile",
                    "depends_on": [
                        "aws_iam_role.bastions-k8s-original4sure-com"
                    ],
                    "primary": {
                        "id": "bastions.k8s.original4sure.com",
                        "attributes": {
                            "arn": "arn:aws:iam::956613982393:instance-profile/bastions.k8s.original4sure.com",
                            "id": "bastions.k8s.original4sure.com",
                            "name": "bastions.k8s.original4sure.com",
                            "path": "/",
                            "role": "bastions.k8s.original4sure.com",
                            "roles.#": "0",
                            "unique_id": "AIPAIA7Q4ZR6EGCZVA2ZC"
                        },
                        "meta": {},
                        "tainted": false
                    },
                    "deposed": [],
                    "provider": "provider.aws"
                },
                "aws_iam_instance_profile.masters-k8s-original4sure-com": {
                    "type": "aws_iam_instance_profile",
                    "depends_on": [
                        "aws_iam_role.masters-k8s-original4sure-com"
                    ],
                    "primary": {
                        "id": "masters.k8s.original4sure.com",
                        "attributes": {
                            "arn": "arn:aws:iam::956613982393:instance-profile/masters.k8s.original4sure.com",
                            "id": "masters.k8s.original4sure.com",
                            "name": "masters.k8s.original4sure.com",
                            "path": "/",
                            "role": "masters.k8s.original4sure.com",
                            "roles.#": "0",
                            "unique_id": "AIPAJKPBPIIYUG4HOSKG4"
                        },
                        "meta": {},
                        "tainted": false
                    },
                    "deposed": [],
                    "provider": "provider.aws"
                },
                "aws_iam_instance_profile.nodes-k8s-original4sure-com": {
                    "type": "aws_iam_instance_profile",
                    "depends_on": [
                        "aws_iam_role.nodes-k8s-original4sure-com"
                    ],
                    "primary": {
                        "id": "nodes.k8s.original4sure.com",
                        "attributes": {
                            "arn": "arn:aws:iam::956613982393:instance-profile/nodes.k8s.original4sure.com",
                            "id": "nodes.k8s.original4sure.com",
                            "name": "nodes.k8s.original4sure.com",
                            "path": "/",
                            "role": "nodes.k8s.original4sure.com",
                            "roles.#": "0",
                            "unique_id": "AIPAIDQS7O2T6DP7SNISI"
                        },
                        "meta": {},
                        "tainted": false
                    },
                    "deposed": [],
                    "provider": "provider.aws"
                },
                "aws_iam_role.bastions-k8s-original4sure-com": {
                    "type": "aws_iam_role",
                    "depends_on": [],
                    "primary": {
                        "id": "bastions.k8s.original4sure.com",
                        "attributes": {
                            "arn": "arn:aws:iam::956613982393:role/bastions.k8s.original4sure.com",
                            "assume_role_policy": "{\"Version\":\"2012-10-17\",\"Statement\":[{\"Effect\":\"Allow\",\"Principal\":{\"Service\":\"ec2.amazonaws.com\"},\"Action\":\"sts:AssumeRole\"}]}",
                            "create_date": "2018-05-14T10:21:44Z",
                            "force_detach_policies": "false",
                            "id": "bastions.k8s.original4sure.com",
                            "max_session_duration": "3600",
                            "name": "bastions.k8s.original4sure.com",
                            "path": "/",
                            "unique_id": "AROAIXQKVAOK3BL5R2MWO"
                        },
                        "meta": {},
                        "tainted": false
                    },
                    "deposed": [],
                    "provider": "provider.aws"
                },
                "aws_iam_role.masters-k8s-original4sure-com": {
                    "type": "aws_iam_role",
                    "depends_on": [],
                    "primary": {
                        "id": "masters.k8s.original4sure.com",
                        "attributes": {
                            "arn": "arn:aws:iam::956613982393:role/masters.k8s.original4sure.com",
                            "assume_role_policy": "{\"Version\":\"2012-10-17\",\"Statement\":[{\"Effect\":\"Allow\",\"Principal\":{\"Service\":\"ec2.amazonaws.com\"},\"Action\":\"sts:AssumeRole\"}]}",
                            "create_date": "2018-05-14T10:21:33Z",
                            "force_detach_policies": "false",
                            "id": "masters.k8s.original4sure.com",
                            "max_session_duration": "3600",
                            "name": "masters.k8s.original4sure.com",
                            "path": "/",
                            "unique_id": "AROAJ7QUE43BMQYH4HFN6"
                        },
                        "meta": {},
                        "tainted": false
                    },
                    "deposed": [],
                    "provider": "provider.aws"
                },
                "aws_iam_role.nodes-k8s-original4sure-com": {
                    "type": "aws_iam_role",
                    "depends_on": [],
                    "primary": {
                        "id": "nodes.k8s.original4sure.com",
                        "attributes": {
                            "arn": "arn:aws:iam::956613982393:role/nodes.k8s.original4sure.com",
                            "assume_role_policy": "{\"Version\":\"2012-10-17\",\"Statement\":[{\"Effect\":\"Allow\",\"Principal\":{\"Service\":\"ec2.amazonaws.com\"},\"Action\":\"sts:AssumeRole\"}]}",
                            "create_date": "2018-05-14T10:21:41Z",
                            "force_detach_policies": "false",
                            "id": "nodes.k8s.original4sure.com",
                            "max_session_duration": "3600",
                            "name": "nodes.k8s.original4sure.com",
                            "path": "/",
                            "unique_id": "AROAIKWTWYCF7CV5EYBOU"
                        },
                        "meta": {},
                        "tainted": false
                    },
                    "deposed": [],
                    "provider": "provider.aws"
                },
                "aws_iam_role_policy.bastions-k8s-original4sure-com": {
                    "type": "aws_iam_role_policy",
                    "depends_on": [
                        "aws_iam_role.bastions-k8s-original4sure-com"
                    ],
                    "primary": {
                        "id": "bastions.k8s.original4sure.com:bastions.k8s.original4sure.com",
                        "attributes": {
                            "id": "bastions.k8s.original4sure.com:bastions.k8s.original4sure.com",
                            "name": "bastions.k8s.original4sure.com",
                            "policy": "{\n  \"Version\": \"2012-10-17\",\n  \"Statement\": [\n    {\n      \"Sid\": \"kopsK8sBastion\",\n      \"Effect\": \"Allow\",\n      \"Action\": [\n        \"ec2:DescribeRegions\"\n      ],\n      \"Resource\": [\n        \"*\"\n      ]\n    }\n  ]\n}",
                            "role": "bastions.k8s.original4sure.com"
                        },
                        "meta": {},
                        "tainted": false
                    },
                    "deposed": [],
                    "provider": "provider.aws"
                },
                "aws_iam_role_policy.masters-k8s-original4sure-com": {
                    "type": "aws_iam_role_policy",
                    "depends_on": [
                        "aws_iam_role.masters-k8s-original4sure-com"
                    ],
                    "primary": {
                        "id": "masters.k8s.original4sure.com:masters.k8s.original4sure.com",
                        "attributes": {
                            "id": "masters.k8s.original4sure.com:masters.k8s.original4sure.com",
                            "name": "masters.k8s.original4sure.com",
                            "policy": "{\n  \"Version\": \"2012-10-17\",\n  \"Statement\": [\n    {\n      \"Sid\": \"kopsK8sEC2MasterPermsDescribeResources\",\n      \"Effect\": \"Allow\",\n      \"Action\": [\n        \"ec2:DescribeInstances\",\n        \"ec2:DescribeRegions\",\n        \"ec2:DescribeRouteTables\",\n        \"ec2:DescribeSecurityGroups\",\n        \"ec2:DescribeSubnets\",\n        \"ec2:DescribeVolumes\"\n      ],\n      \"Resource\": [\n        \"*\"\n      ]\n    },\n    {\n      \"Sid\": \"kopsK8sEC2MasterPermsAllResources\",\n      \"Effect\": \"Allow\",\n      \"Action\": [\n        \"ec2:CreateSecurityGroup\",\n        \"ec2:CreateTags\",\n        \"ec2:CreateVolume\",\n        \"ec2:ModifyInstanceAttribute\"\n      ],\n      \"Resource\": [\n        \"*\"\n      ]\n    },\n    {\n      \"Sid\": \"kopsK8sEC2MasterPermsTaggedResources\",\n      \"Effect\": \"Allow\",\n      \"Action\": [\n        \"ec2:AttachVolume\",\n        \"ec2:AuthorizeSecurityGroupIngress\",\n        \"ec2:CreateRoute\",\n        \"ec2:DeleteRoute\",\n        \"ec2:DeleteSecurityGroup\",\n        \"ec2:DeleteVolume\",\n        \"ec2:DetachVolume\",\n        \"ec2:RevokeSecurityGroupIngress\"\n      ],\n      \"Resource\": [\n        \"*\"\n      ],\n      \"Condition\": {\n        \"StringEquals\": {\n          \"ec2:ResourceTag/KubernetesCluster\": \"k8s.original4sure.com\"\n        }\n      }\n    },\n    {\n      \"Sid\": \"kopsK8sASMasterPermsAllResources\",\n      \"Effect\": \"Allow\",\n      \"Action\": [\n        \"autoscaling:DescribeAutoScalingGroups\",\n        \"autoscaling:DescribeLaunchConfigurations\",\n        \"autoscaling:DescribeTags\",\n        \"autoscaling:GetAsgForInstance\"\n      ],\n      \"Resource\": [\n        \"*\"\n      ]\n    },\n    {\n      \"Sid\": \"kopsK8sASMasterPermsTaggedResources\",\n      \"Effect\": \"Allow\",\n      \"Action\": [\n        \"autoscaling:SetDesiredCapacity\",\n        \"autoscaling:TerminateInstanceInAutoScalingGroup\",\n        \"autoscaling:UpdateAutoScalingGroup\"\n      ],\n      \"Resource\": [\n        \"*\"\n      ],\n      \"Condition\": {\n        \"StringEquals\": {\n          \"autoscaling:ResourceTag/KubernetesCluster\": \"k8s.original4sure.com\"\n        }\n      }\n    },\n    {\n      \"Sid\": \"kopsK8sELBMasterPermsRestrictive\",\n      \"Effect\": \"Allow\",\n      \"Action\": [\n        \"elasticloadbalancing:AddTags\",\n        \"elasticloadbalancing:AttachLoadBalancerToSubnets\",\n        \"elasticloadbalancing:ApplySecurityGroupsToLoadBalancer\",\n        \"elasticloadbalancing:CreateLoadBalancer\",\n        \"elasticloadbalancing:CreateLoadBalancerPolicy\",\n        \"elasticloadbalancing:CreateLoadBalancerListeners\",\n        \"elasticloadbalancing:ConfigureHealthCheck\",\n        \"elasticloadbalancing:DeleteLoadBalancer\",\n        \"elasticloadbalancing:DeleteLoadBalancerListeners\",\n        \"elasticloadbalancing:DescribeLoadBalancers\",\n        \"elasticloadbalancing:DescribeLoadBalancerAttributes\",\n        \"elasticloadbalancing:DetachLoadBalancerFromSubnets\",\n        \"elasticloadbalancing:DeregisterInstancesFromLoadBalancer\",\n        \"elasticloadbalancing:ModifyLoadBalancerAttributes\",\n        \"elasticloadbalancing:RegisterInstancesWithLoadBalancer\",\n        \"elasticloadbalancing:SetLoadBalancerPoliciesForBackendServer\"\n      ],\n      \"Resource\": [\n        \"*\"\n      ]\n    },\n    {\n      \"Sid\": \"kopsK8sNLBMasterPermsRestrictive\",\n      \"Effect\": \"Allow\",\n      \"Action\": [\n        \"ec2:DescribeVpcs\",\n        \"elasticloadbalancing:AddTags\",\n        \"elasticloadbalancing:CreateListener\",\n        \"elasticloadbalancing:CreateTargetGroup\",\n        \"elasticloadbalancing:DeleteListener\",\n        \"elasticloadbalancing:DeleteTargetGroup\",\n        \"elasticloadbalancing:DescribeListeners\",\n        \"elasticloadbalancing:DescribeLoadBalancerPolicies\",\n        \"elasticloadbalancing:DescribeTargetGroups\",\n        \"elasticloadbalancing:DescribeTargetHealth\",\n        \"elasticloadbalancing:ModifyListener\",\n        \"elasticloadbalancing:ModifyTargetGroup\",\n        \"elasticloadbalancing:RegisterTargets\",\n        \"elasticloadbalancing:SetLoadBalancerPoliciesOfListener\"\n      ],\n      \"Resource\": [\n        \"*\"\n      ]\n    },\n    {\n      \"Sid\": \"kopsMasterCertIAMPerms\",\n      \"Effect\": \"Allow\",\n      \"Action\": [\n        \"iam:ListServerCertificates\",\n        \"iam:GetServerCertificate\"\n      ],\n      \"Resource\": [\n        \"*\"\n      ]\n    },\n    {\n      \"Sid\": \"kopsK8sS3GetListBucket\",\n      \"Effect\": \"Allow\",\n      \"Action\": [\n        \"s3:GetBucketLocation\",\n        \"s3:ListBucket\"\n      ],\n      \"Resource\": [\n        \"arn:aws:s3:::kops-o4s-state-store\"\n      ]\n    },\n    {\n      \"Sid\": \"kopsK8sS3MasterBucketFullGet\",\n      \"Effect\": \"Allow\",\n      \"Action\": [\n        \"s3:Get*\"\n      ],\n      \"Resource\": \"arn:aws:s3:::kops-o4s-state-store/k8s.original4sure.com/*\"\n    },\n    {\n      \"Sid\": \"kopsK8sRoute53Change\",\n      \"Effect\": \"Allow\",\n      \"Action\": [\n        \"route53:ChangeResourceRecordSets\",\n        \"route53:ListResourceRecordSets\",\n        \"route53:GetHostedZone\"\n      ],\n      \"Resource\": [\n        \"arn:aws:route53:::hostedzone/Z2NMZJ8TXLJ59W\"\n      ]\n    },\n    {\n      \"Sid\": \"kopsK8sRoute53GetChanges\",\n      \"Effect\": \"Allow\",\n      \"Action\": [\n        \"route53:GetChange\"\n      ],\n      \"Resource\": [\n        \"arn:aws:route53:::change/*\"\n      ]\n    },\n    {\n      \"Sid\": \"kopsK8sRoute53ListZones\",\n      \"Effect\": \"Allow\",\n      \"Action\": [\n        \"route53:ListHostedZones\"\n      ],\n      \"Resource\": [\n        \"*\"\n      ]\n    },\n    {\n      \"Sid\": \"kopsK8sECR\",\n      \"Effect\": \"Allow\",\n      \"Action\": [\n        \"ecr:GetAuthorizationToken\",\n        \"ecr:BatchCheckLayerAvailability\",\n        \"ecr:GetDownloadUrlForLayer\",\n        \"ecr:GetRepositoryPolicy\",\n        \"ecr:DescribeRepositories\",\n        \"ecr:ListImages\",\n        \"ecr:BatchGetImage\"\n      ],\n      \"Resource\": [\n        \"*\"\n      ]\n    }\n  ]\n}",
                            "role": "masters.k8s.original4sure.com"
                        },
                        "meta": {},
                        "tainted": false
                    },
                    "deposed": [],
                    "provider": "provider.aws"
                },
                "aws_iam_role_policy.nodes-k8s-original4sure-com": {
                    "type": "aws_iam_role_policy",
                    "depends_on": [
                        "aws_iam_role.nodes-k8s-original4sure-com"
                    ],
                    "primary": {
                        "id": "nodes.k8s.original4sure.com:nodes.k8s.original4sure.com",
                        "attributes": {
                            "id": "nodes.k8s.original4sure.com:nodes.k8s.original4sure.com",
                            "name": "nodes.k8s.original4sure.com",
                            "policy": "{\n  \"Version\": \"2012-10-17\",\n  \"Statement\": [\n    {\n      \"Sid\": \"kopsK8sEC2NodePerms\",\n      \"Effect\": \"Allow\",\n      \"Action\": [\n        \"ec2:DescribeInstances\",\n        \"ec2:DescribeRegions\"\n      ],\n      \"Resource\": [\n        \"*\"\n      ]\n    },\n    {\n      \"Sid\": \"kopsK8sS3GetListBucket\",\n      \"Effect\": \"Allow\",\n      \"Action\": [\n        \"s3:GetBucketLocation\",\n        \"s3:ListBucket\"\n      ],\n      \"Resource\": [\n        \"arn:aws:s3:::kops-o4s-state-store\"\n      ]\n    },\n    {\n      \"Sid\": \"kopsK8sS3NodeBucketSelectiveGet\",\n      \"Effect\": \"Allow\",\n      \"Action\": [\n        \"s3:Get*\"\n      ],\n      \"Resource\": [\n        \"arn:aws:s3:::kops-o4s-state-store/k8s.original4sure.com/addons/*\",\n        \"arn:aws:s3:::kops-o4s-state-store/k8s.original4sure.com/cluster.spec\",\n        \"arn:aws:s3:::kops-o4s-state-store/k8s.original4sure.com/config\",\n        \"arn:aws:s3:::kops-o4s-state-store/k8s.original4sure.com/instancegroup/*\",\n        \"arn:aws:s3:::kops-o4s-state-store/k8s.original4sure.com/pki/issued/*\",\n        \"arn:aws:s3:::kops-o4s-state-store/k8s.original4sure.com/pki/private/kube-proxy/*\",\n        \"arn:aws:s3:::kops-o4s-state-store/k8s.original4sure.com/pki/private/kubelet/*\",\n        \"arn:aws:s3:::kops-o4s-state-store/k8s.original4sure.com/pki/ssh/*\",\n        \"arn:aws:s3:::kops-o4s-state-store/k8s.original4sure.com/secrets/dockerconfig\"\n      ]\n    },\n    {\n      \"Sid\": \"kopsK8sECR\",\n      \"Effect\": \"Allow\",\n      \"Action\": [\n        \"ecr:GetAuthorizationToken\",\n        \"ecr:BatchCheckLayerAvailability\",\n        \"ecr:GetDownloadUrlForLayer\",\n        \"ecr:GetRepositoryPolicy\",\n        \"ecr:DescribeRepositories\",\n        \"ecr:ListImages\",\n        \"ecr:BatchGetImage\"\n      ],\n      \"Resource\": [\n        \"*\"\n      ]\n    }\n  ]\n}",
                            "role": "nodes.k8s.original4sure.com"
                        },
                        "meta": {},
                        "tainted": false
                    },
                    "deposed": [],
                    "provider": "provider.aws"
                },
                "aws_internet_gateway.k8s-original4sure-com": {
                    "type": "aws_internet_gateway",
                    "depends_on": [
                        "aws_vpc.k8s-original4sure-com"
                    ],
                    "primary": {
                        "id": "igw-985f3cfc",
                        "attributes": {
                            "id": "igw-985f3cfc",
                            "tags.%": "3",
                            "tags.KubernetesCluster": "k8s.original4sure.com",
                            "tags.Name": "k8s.original4sure.com",
                            "tags.kubernetes.io/cluster/k8s.original4sure.com": "owned",
                            "vpc_id": "vpc-48f4992f"
                        },
                        "meta": {},
                        "tainted": false
                    },
                    "deposed": [],
                    "provider": "provider.aws"
                },
                "aws_key_pair.kubernetes-k8s-original4sure-com-f6245b267ad21b8b37d6437464eea0f3": {
                    "type": "aws_key_pair",
                    "depends_on": [],
                    "primary": {
                        "id": "kubernetes.k8s.original4sure.com-f6:24:5b:26:7a:d2:1b:8b:37:d6:43:74:64:ee:a0:f3",
                        "attributes": {
                            "id": "kubernetes.k8s.original4sure.com-f6:24:5b:26:7a:d2:1b:8b:37:d6:43:74:64:ee:a0:f3",
                            "key_name": "kubernetes.k8s.original4sure.com-f6:24:5b:26:7a:d2:1b:8b:37:d6:43:74:64:ee:a0:f3",
                            "public_key": "ssh-rsa AAAAB3NzaC1yc2EAAAADAQABAAABAQC0+T9OZ/KrbxQhQrW7raxsl4M595Q/15P1Q/vjxzOZEb6oluKpszsR8KGPVUPhgs+X5+wOxMv4kGPDs5z1YZa3qoSjazngN3NLBBp0xuMARSNItvlUAl3WJA1SC+ns4zZ/lwIadlYQ96BqxVbzPTj3wkJjUMUgwTgMKx0b0YfRTPPTI0NEka/e9BUQajQrtsrT3YkQb5vceJuXfM83itJrKMKewYHQN6ew4/lw4lmdJaVPu+O5k0jFz3ZkKQtRP6g13rjfTHw3el25J+iUyRWmn0OGzVNDJ48YD/72Ha83uFhXa8YPPoEo8b+plPOYcufAkD6X5yRy7VliSVjSRHF1 mishrandir@mishrandir-X556UQK"
                        },
                        "meta": {
                            "schema_version": "1"
                        },
                        "tainted": false
                    },
                    "deposed": [],
                    "provider": "provider.aws"
                },
                "aws_launch_configuration.bastions-k8s-original4sure-com": {
                    "type": "aws_launch_configuration",
                    "depends_on": [
                        "aws_iam_instance_profile.bastions-k8s-original4sure-com",
                        "aws_key_pair.kubernetes-k8s-original4sure-com-f6245b267ad21b8b37d6437464eea0f3",
                        "aws_security_group.bastion-k8s-original4sure-com"
                    ],
                    "primary": {
                        "id": "bastions.k8s.original4sure.com-20180514102205149700000005",
                        "attributes": {
                            "associate_public_ip_address": "true",
                            "ebs_block_device.#": "0",
                            "ebs_optimized": "false",
                            "enable_monitoring": "false",
                            "ephemeral_block_device.#": "0",
                            "iam_instance_profile": "bastions.k8s.original4sure.com",
                            "id": "bastions.k8s.original4sure.com-20180514102205149700000005",
                            "image_id": "ami-e346069f",
                            "instance_type": "t2.micro",
                            "key_name": "kubernetes.k8s.original4sure.com-f6:24:5b:26:7a:d2:1b:8b:37:d6:43:74:64:ee:a0:f3",
                            "name": "bastions.k8s.original4sure.com-20180514102205149700000005",
                            "name_prefix": "bastions.k8s.original4sure.com-",
                            "root_block_device.#": "1",
                            "root_block_device.0.delete_on_termination": "true",
                            "root_block_device.0.iops": "0",
                            "root_block_device.0.volume_size": "32",
                            "root_block_device.0.volume_type": "gp2",
                            "security_groups.#": "1",
                            "security_groups.1914484518": "sg-43d9fa3a",
                            "spot_price": "",
                            "vpc_classic_link_id": "",
                            "vpc_classic_link_security_groups.#": "0"
                        },
                        "meta": {},
                        "tainted": false
                    },
                    "deposed": [],
                    "provider": "provider.aws"
                },
                "aws_launch_configuration.master-ap-southeast-1a-masters-k8s-original4sure-com": {
                    "type": "aws_launch_configuration",
                    "depends_on": [
                        "aws_iam_instance_profile.masters-k8s-original4sure-com",
                        "aws_key_pair.kubernetes-k8s-original4sure-com-f6245b267ad21b8b37d6437464eea0f3",
                        "aws_security_group.masters-k8s-original4sure-com"
                    ],
                    "primary": {
                        "id": "master-ap-southeast-1a.masters.k8s.original4sure.com-20180514102201155200000002",
                        "attributes": {
                            "associate_public_ip_address": "false",
                            "ebs_block_device.#": "0",
                            "ebs_optimized": "false",
                            "enable_monitoring": "false",
                            "ephemeral_block_device.#": "0",
                            "iam_instance_profile": "masters.k8s.original4sure.com",
                            "id": "master-ap-southeast-1a.masters.k8s.original4sure.com-20180514102201155200000002",
                            "image_id": "ami-e346069f",
                            "instance_type": "t2.micro",
                            "key_name": "kubernetes.k8s.original4sure.com-f6:24:5b:26:7a:d2:1b:8b:37:d6:43:74:64:ee:a0:f3",
                            "name": "master-ap-southeast-1a.masters.k8s.original4sure.com-20180514102201155200000002",
                            "name_prefix": "master-ap-southeast-1a.masters.k8s.original4sure.com-",
                            "root_block_device.#": "1",
                            "root_block_device.0.delete_on_termination": "true",
                            "root_block_device.0.iops": "0",
                            "root_block_device.0.volume_size": "64",
                            "root_block_device.0.volume_type": "gp2",
                            "security_groups.#": "1",
                            "security_groups.1298328872": "sg-42d9fa3b",
                            "spot_price": "",
                            "user_data": "50ec504b114d056c9d6744d749cf379aa156fd48",
                            "vpc_classic_link_id": "",
                            "vpc_classic_link_security_groups.#": "0"
                        },
                        "meta": {},
                        "tainted": false
                    },
                    "deposed": [],
                    "provider": "provider.aws"
                },
                "aws_launch_configuration.master-ap-southeast-1b-masters-k8s-original4sure-com": {
                    "type": "aws_launch_configuration",
                    "depends_on": [
                        "aws_iam_instance_profile.masters-k8s-original4sure-com",
                        "aws_key_pair.kubernetes-k8s-original4sure-com-f6245b267ad21b8b37d6437464eea0f3",
                        "aws_security_group.masters-k8s-original4sure-com"
                    ],
                    "primary": {
                        "id": "master-ap-southeast-1b.masters.k8s.original4sure.com-20180514102200798200000001",
                        "attributes": {
                            "associate_public_ip_address": "false",
                            "ebs_block_device.#": "0",
                            "ebs_optimized": "false",
                            "enable_monitoring": "false",
                            "ephemeral_block_device.#": "0",
                            "iam_instance_profile": "masters.k8s.original4sure.com",
                            "id": "master-ap-southeast-1b.masters.k8s.original4sure.com-20180514102200798200000001",
                            "image_id": "ami-e346069f",
                            "instance_type": "t2.micro",
                            "key_name": "kubernetes.k8s.original4sure.com-f6:24:5b:26:7a:d2:1b:8b:37:d6:43:74:64:ee:a0:f3",
                            "name": "master-ap-southeast-1b.masters.k8s.original4sure.com-20180514102200798200000001",
                            "name_prefix": "master-ap-southeast-1b.masters.k8s.original4sure.com-",
                            "root_block_device.#": "1",
                            "root_block_device.0.delete_on_termination": "true",
                            "root_block_device.0.iops": "0",
                            "root_block_device.0.volume_size": "64",
                            "root_block_device.0.volume_type": "gp2",
                            "security_groups.#": "1",
                            "security_groups.1298328872": "sg-42d9fa3b",
                            "spot_price": "",
                            "user_data": "0d770be07ca6a46593caa0879cdf8acc4d68a07b",
                            "vpc_classic_link_id": "",
                            "vpc_classic_link_security_groups.#": "0"
                        },
                        "meta": {},
                        "tainted": false
                    },
                    "deposed": [],
                    "provider": "provider.aws"
                },
                "aws_launch_configuration.master-ap-southeast-1c-masters-k8s-original4sure-com": {
                    "type": "aws_launch_configuration",
                    "depends_on": [
                        "aws_iam_instance_profile.masters-k8s-original4sure-com",
                        "aws_key_pair.kubernetes-k8s-original4sure-com-f6245b267ad21b8b37d6437464eea0f3",
                        "aws_security_group.masters-k8s-original4sure-com"
                    ],
                    "primary": {
                        "id": "master-ap-southeast-1c.masters.k8s.original4sure.com-20180514102202046700000003",
                        "attributes": {
                            "associate_public_ip_address": "false",
                            "ebs_block_device.#": "0",
                            "ebs_optimized": "false",
                            "enable_monitoring": "false",
                            "ephemeral_block_device.#": "0",
                            "iam_instance_profile": "masters.k8s.original4sure.com",
                            "id": "master-ap-southeast-1c.masters.k8s.original4sure.com-20180514102202046700000003",
                            "image_id": "ami-e346069f",
                            "instance_type": "t2.micro",
                            "key_name": "kubernetes.k8s.original4sure.com-f6:24:5b:26:7a:d2:1b:8b:37:d6:43:74:64:ee:a0:f3",
                            "name": "master-ap-southeast-1c.masters.k8s.original4sure.com-20180514102202046700000003",
                            "name_prefix": "master-ap-southeast-1c.masters.k8s.original4sure.com-",
                            "root_block_device.#": "1",
                            "root_block_device.0.delete_on_termination": "true",
                            "root_block_device.0.iops": "0",
                            "root_block_device.0.volume_size": "64",
                            "root_block_device.0.volume_type": "gp2",
                            "security_groups.#": "1",
                            "security_groups.1298328872": "sg-42d9fa3b",
                            "spot_price": "",
                            "user_data": "a7a8a1d47b475b170a3643411ce282362b395245",
                            "vpc_classic_link_id": "",
                            "vpc_classic_link_security_groups.#": "0"
                        },
                        "meta": {},
                        "tainted": false
                    },
                    "deposed": [],
                    "provider": "provider.aws"
                },
                "aws_launch_configuration.nodes-k8s-original4sure-com": {
                    "type": "aws_launch_configuration",
                    "depends_on": [
                        "aws_iam_instance_profile.nodes-k8s-original4sure-com",
                        "aws_key_pair.kubernetes-k8s-original4sure-com-f6245b267ad21b8b37d6437464eea0f3",
                        "aws_security_group.nodes-k8s-original4sure-com"
                    ],
                    "primary": {
                        "id": "nodes.k8s.original4sure.com-20180514102202058100000004",
                        "attributes": {
                            "associate_public_ip_address": "false",
                            "ebs_block_device.#": "0",
                            "ebs_optimized": "false",
                            "enable_monitoring": "false",
                            "ephemeral_block_device.#": "0",
                            "iam_instance_profile": "nodes.k8s.original4sure.com",
                            "id": "nodes.k8s.original4sure.com-20180514102202058100000004",
                            "image_id": "ami-e346069f",
                            "instance_type": "t2.micro",
                            "key_name": "kubernetes.k8s.original4sure.com-f6:24:5b:26:7a:d2:1b:8b:37:d6:43:74:64:ee:a0:f3",
                            "name": "nodes.k8s.original4sure.com-20180514102202058100000004",
                            "name_prefix": "nodes.k8s.original4sure.com-",
                            "root_block_device.#": "1",
                            "root_block_device.0.delete_on_termination": "true",
                            "root_block_device.0.iops": "0",
                            "root_block_device.0.volume_size": "128",
                            "root_block_device.0.volume_type": "gp2",
                            "security_groups.#": "1",
                            "security_groups.232773022": "sg-25d0f35c",
                            "spot_price": "",
                            "user_data": "4e0edc32cfc591b1f6a27ef600a9faed4b887cfb",
                            "vpc_classic_link_id": "",
                            "vpc_classic_link_security_groups.#": "0"
                        },
                        "meta": {},
                        "tainted": false
                    },
                    "deposed": [],
                    "provider": "provider.aws"
                },
                "aws_nat_gateway.ap-southeast-1a-k8s-original4sure-com": {
                    "type": "aws_nat_gateway",
                    "depends_on": [
                        "aws_eip.ap-southeast-1a-k8s-original4sure-com",
                        "aws_subnet.utility-ap-southeast-1a-k8s-original4sure-com"
                    ],
                    "primary": {
                        "id": "nat-084833be87521bc7e",
                        "attributes": {
                            "allocation_id": "eipalloc-fd4547c7",
                            "id": "nat-084833be87521bc7e",
                            "network_interface_id": "eni-124a5e4a",
                            "private_ip": "172.20.0.125",
                            "public_ip": "52.74.177.136",
                            "subnet_id": "subnet-f85e7f9f",
                            "tags.%": "3",
                            "tags.KubernetesCluster": "k8s.original4sure.com",
                            "tags.Name": "ap-southeast-1a.k8s.original4sure.com",
                            "tags.kubernetes.io/cluster/k8s.original4sure.com": "owned"
                        },
                        "meta": {},
                        "tainted": false
                    },
                    "deposed": [],
                    "provider": "provider.aws"
                },
                "aws_nat_gateway.ap-southeast-1b-k8s-original4sure-com": {
                    "type": "aws_nat_gateway",
                    "depends_on": [
                        "aws_eip.ap-southeast-1b-k8s-original4sure-com",
                        "aws_subnet.utility-ap-southeast-1b-k8s-original4sure-com"
                    ],
                    "primary": {
                        "id": "nat-0601408508dcfaed6",
                        "attributes": {
                            "allocation_id": "eipalloc-a047459a",
                            "id": "nat-0601408508dcfaed6",
                            "network_interface_id": "eni-b19fc69b",
                            "private_ip": "172.20.4.186",
                            "public_ip": "52.77.154.195",
                            "subnet_id": "subnet-21d78168",
                            "tags.%": "3",
                            "tags.KubernetesCluster": "k8s.original4sure.com",
                            "tags.Name": "ap-southeast-1b.k8s.original4sure.com",
                            "tags.kubernetes.io/cluster/k8s.original4sure.com": "owned"
                        },
                        "meta": {},
                        "tainted": false
                    },
                    "deposed": [],
                    "provider": "provider.aws"
                },
                "aws_nat_gateway.ap-southeast-1c-k8s-original4sure-com": {
                    "type": "aws_nat_gateway",
                    "depends_on": [
                        "aws_eip.ap-southeast-1c-k8s-original4sure-com",
                        "aws_subnet.utility-ap-southeast-1c-k8s-original4sure-com"
                    ],
                    "primary": {
                        "id": "nat-0deacf061a0f18c3f",
                        "attributes": {
                            "allocation_id": "eipalloc-7a444640",
                            "id": "nat-0deacf061a0f18c3f",
                            "network_interface_id": "eni-526b2968",
                            "private_ip": "172.20.9.162",
                            "public_ip": "52.221.42.236",
                            "subnet_id": "subnet-08dc3b51",
                            "tags.%": "3",
                            "tags.KubernetesCluster": "k8s.original4sure.com",
                            "tags.Name": "ap-southeast-1c.k8s.original4sure.com",
                            "tags.kubernetes.io/cluster/k8s.original4sure.com": "owned"
                        },
                        "meta": {},
                        "tainted": false
                    },
                    "deposed": [],
                    "provider": "provider.aws"
                },
                "aws_route.0-0-0-0--0": {
                    "type": "aws_route",
                    "depends_on": [
                        "aws_internet_gateway.k8s-original4sure-com",
                        "aws_route_table.k8s-original4sure-com"
                    ],
                    "primary": {
                        "id": "r-rtb-c4e414a21080289494",
                        "attributes": {
                            "destination_cidr_block": "0.0.0.0/0",
                            "destination_prefix_list_id": "",
                            "egress_only_gateway_id": "",
                            "gateway_id": "igw-985f3cfc",
                            "id": "r-rtb-c4e414a21080289494",
                            "instance_id": "",
                            "instance_owner_id": "",
                            "nat_gateway_id": "",
                            "network_interface_id": "",
                            "origin": "CreateRoute",
                            "route_table_id": "rtb-c4e414a2",
                            "state": "active",
                            "vpc_peering_connection_id": ""
                        },
                        "meta": {
                            "e2bfb730-ecaa-11e6-8f88-34363bc7c4c0": {
                                "create": 120000000000,
                                "delete": 300000000000
                            }
                        },
                        "tainted": false
                    },
                    "deposed": [],
                    "provider": "provider.aws"
                },
                "aws_route.private-ap-southeast-1a-0-0-0-0--0": {
                    "type": "aws_route",
                    "depends_on": [
                        "aws_nat_gateway.ap-southeast-1a-k8s-original4sure-com",
                        "aws_route_table.private-ap-southeast-1a-k8s-original4sure-com"
                    ],
                    "primary": {
                        "id": "r-rtb-d5ea1ab31080289494",
                        "attributes": {
                            "destination_cidr_block": "0.0.0.0/0",
                            "destination_prefix_list_id": "",
                            "egress_only_gateway_id": "",
                            "gateway_id": "",
                            "id": "r-rtb-d5ea1ab31080289494",
                            "instance_id": "",
                            "instance_owner_id": "",
                            "nat_gateway_id": "nat-084833be87521bc7e",
                            "network_interface_id": "",
                            "origin": "CreateRoute",
                            "route_table_id": "rtb-d5ea1ab3",
                            "state": "active",
                            "vpc_peering_connection_id": ""
                        },
                        "meta": {
                            "e2bfb730-ecaa-11e6-8f88-34363bc7c4c0": {
                                "create": 120000000000,
                                "delete": 300000000000
                            }
                        },
                        "tainted": false
                    },
                    "deposed": [],
                    "provider": "provider.aws"
                },
                "aws_route.private-ap-southeast-1b-0-0-0-0--0": {
                    "type": "aws_route",
                    "depends_on": [
                        "aws_nat_gateway.ap-southeast-1b-k8s-original4sure-com",
                        "aws_route_table.private-ap-southeast-1b-k8s-original4sure-com"
                    ],
                    "primary": {
                        "id": "r-rtb-80e111e61080289494",
                        "attributes": {
                            "destination_cidr_block": "0.0.0.0/0",
                            "destination_prefix_list_id": "",
                            "egress_only_gateway_id": "",
                            "gateway_id": "",
                            "id": "r-rtb-80e111e61080289494",
                            "instance_id": "",
                            "instance_owner_id": "",
                            "nat_gateway_id": "nat-0601408508dcfaed6",
                            "network_interface_id": "",
                            "origin": "CreateRoute",
                            "route_table_id": "rtb-80e111e6",
                            "state": "active",
                            "vpc_peering_connection_id": ""
                        },
                        "meta": {
                            "e2bfb730-ecaa-11e6-8f88-34363bc7c4c0": {
                                "create": 120000000000,
                                "delete": 300000000000
                            }
                        },
                        "tainted": false
                    },
                    "deposed": [],
                    "provider": "provider.aws"
                },
                "aws_route.private-ap-southeast-1c-0-0-0-0--0": {
                    "type": "aws_route",
                    "depends_on": [
                        "aws_nat_gateway.ap-southeast-1c-k8s-original4sure-com",
                        "aws_route_table.private-ap-southeast-1c-k8s-original4sure-com"
                    ],
                    "primary": {
                        "id": "r-rtb-6ee515081080289494",
                        "attributes": {
                            "destination_cidr_block": "0.0.0.0/0",
                            "destination_prefix_list_id": "",
                            "egress_only_gateway_id": "",
                            "gateway_id": "",
                            "id": "r-rtb-6ee515081080289494",
                            "instance_id": "",
                            "instance_owner_id": "",
                            "nat_gateway_id": "nat-0deacf061a0f18c3f",
                            "network_interface_id": "",
                            "origin": "CreateRoute",
                            "route_table_id": "rtb-6ee51508",
                            "state": "active",
                            "vpc_peering_connection_id": ""
                        },
                        "meta": {
                            "e2bfb730-ecaa-11e6-8f88-34363bc7c4c0": {
                                "create": 120000000000,
                                "delete": 300000000000
                            }
                        },
                        "tainted": false
                    },
                    "deposed": [],
                    "provider": "provider.aws"
                },
                "aws_route53_record.api-k8s-original4sure-com": {
                    "type": "aws_route53_record",
                    "depends_on": [
                        "aws_elb.api-k8s-original4sure-com"
                    ],
                    "primary": {
                        "id": "Z2NMZJ8TXLJ59W_api.k8s.original4sure.com_A",
                        "attributes": {
                            "alias.#": "1",
                            "alias.1605004492.evaluate_target_health": "false",
                            "alias.1605004492.name": "api-k8s-original4sure-com-55raur-595866739.ap-southeast-1.elb.amazonaws.com",
                            "alias.1605004492.zone_id": "Z1LMS91P8CMLE5",
                            "allow_overwrite": "true",
                            "fqdn": "api.k8s.original4sure.com",
                            "id": "Z2NMZJ8TXLJ59W_api.k8s.original4sure.com_A",
                            "name": "api.k8s.original4sure.com",
                            "type": "A",
                            "zone_id": "/hostedzone/Z2NMZJ8TXLJ59W"
                        },
                        "meta": {
                            "schema_version": "2"
                        },
                        "tainted": false
                    },
                    "deposed": [],
                    "provider": "provider.aws"
                },
                "aws_route53_record.bastion-k8s-original4sure-com": {
                    "type": "aws_route53_record",
                    "depends_on": [
                        "aws_elb.bastion-k8s-original4sure-com"
                    ],
                    "primary": {
                        "id": "Z2NMZJ8TXLJ59W_bastion.k8s.original4sure.com_A",
                        "attributes": {
                            "alias.#": "1",
                            "alias.4275207576.evaluate_target_health": "false",
                            "alias.4275207576.name": "bastion-k8s-original4sure-cb3vod-1458287634.ap-southeast-1.elb.amazonaws.com",
                            "alias.4275207576.zone_id": "Z1LMS91P8CMLE5",
                            "allow_overwrite": "true",
                            "fqdn": "bastion.k8s.original4sure.com",
                            "id": "Z2NMZJ8TXLJ59W_bastion.k8s.original4sure.com_A",
                            "name": "bastion.k8s.original4sure.com",
                            "type": "A",
                            "zone_id": "/hostedzone/Z2NMZJ8TXLJ59W"
                        },
                        "meta": {
                            "schema_version": "2"
                        },
                        "tainted": false
                    },
                    "deposed": [],
                    "provider": "provider.aws"
                },
                "aws_route_table.k8s-original4sure-com": {
                    "type": "aws_route_table",
                    "depends_on": [
                        "aws_vpc.k8s-original4sure-com"
                    ],
                    "primary": {
                        "id": "rtb-c4e414a2",
                        "attributes": {
                            "id": "rtb-c4e414a2",
                            "propagating_vgws.#": "0",
                            "route.#": "0",
                            "tags.%": "4",
                            "tags.KubernetesCluster": "k8s.original4sure.com",
                            "tags.Name": "k8s.original4sure.com",
                            "tags.kubernetes.io/cluster/k8s.original4sure.com": "owned",
                            "tags.kubernetes.io/kops/role": "public",
                            "vpc_id": "vpc-48f4992f"
                        },
                        "meta": {},
                        "tainted": false
                    },
                    "deposed": [],
                    "provider": "provider.aws"
                },
                "aws_route_table.private-ap-southeast-1a-k8s-original4sure-com": {
                    "type": "aws_route_table",
                    "depends_on": [
                        "aws_vpc.k8s-original4sure-com"
                    ],
                    "primary": {
                        "id": "rtb-d5ea1ab3",
                        "attributes": {
                            "id": "rtb-d5ea1ab3",
                            "propagating_vgws.#": "0",
                            "route.#": "0",
                            "tags.%": "4",
                            "tags.KubernetesCluster": "k8s.original4sure.com",
                            "tags.Name": "private-ap-southeast-1a.k8s.original4sure.com",
                            "tags.kubernetes.io/cluster/k8s.original4sure.com": "owned",
                            "tags.kubernetes.io/kops/role": "private-ap-southeast-1a",
                            "vpc_id": "vpc-48f4992f"
                        },
                        "meta": {},
                        "tainted": false
                    },
                    "deposed": [],
                    "provider": "provider.aws"
                },
                "aws_route_table.private-ap-southeast-1b-k8s-original4sure-com": {
                    "type": "aws_route_table",
                    "depends_on": [
                        "aws_vpc.k8s-original4sure-com"
                    ],
                    "primary": {
                        "id": "rtb-80e111e6",
                        "attributes": {
                            "id": "rtb-80e111e6",
                            "propagating_vgws.#": "0",
                            "route.#": "0",
                            "tags.%": "4",
                            "tags.KubernetesCluster": "k8s.original4sure.com",
                            "tags.Name": "private-ap-southeast-1b.k8s.original4sure.com",
                            "tags.kubernetes.io/cluster/k8s.original4sure.com": "owned",
                            "tags.kubernetes.io/kops/role": "private-ap-southeast-1b",
                            "vpc_id": "vpc-48f4992f"
                        },
                        "meta": {},
                        "tainted": false
                    },
                    "deposed": [],
                    "provider": "provider.aws"
                },
                "aws_route_table.private-ap-southeast-1c-k8s-original4sure-com": {
                    "type": "aws_route_table",
                    "depends_on": [
                        "aws_vpc.k8s-original4sure-com"
                    ],
                    "primary": {
                        "id": "rtb-6ee51508",
                        "attributes": {
                            "id": "rtb-6ee51508",
                            "propagating_vgws.#": "0",
                            "route.#": "0",
                            "tags.%": "4",
                            "tags.KubernetesCluster": "k8s.original4sure.com",
                            "tags.Name": "private-ap-southeast-1c.k8s.original4sure.com",
                            "tags.kubernetes.io/cluster/k8s.original4sure.com": "owned",
                            "tags.kubernetes.io/kops/role": "private-ap-southeast-1c",
                            "vpc_id": "vpc-48f4992f"
                        },
                        "meta": {},
                        "tainted": false
                    },
                    "deposed": [],
                    "provider": "provider.aws"
                },
                "aws_route_table_association.private-ap-southeast-1a-k8s-original4sure-com": {
                    "type": "aws_route_table_association",
                    "depends_on": [
                        "aws_route_table.private-ap-southeast-1a-k8s-original4sure-com",
                        "aws_subnet.ap-southeast-1a-k8s-original4sure-com"
                    ],
                    "primary": {
                        "id": "rtbassoc-31696657",
                        "attributes": {
                            "id": "rtbassoc-31696657",
                            "route_table_id": "rtb-d5ea1ab3",
                            "subnet_id": "subnet-967e52f1"
                        },
                        "meta": {},
                        "tainted": false
                    },
                    "deposed": [],
                    "provider": "provider.aws"
                },
                "aws_route_table_association.private-ap-southeast-1b-k8s-original4sure-com": {
                    "type": "aws_route_table_association",
                    "depends_on": [
                        "aws_route_table.private-ap-southeast-1b-k8s-original4sure-com",
                        "aws_subnet.ap-southeast-1b-k8s-original4sure-com"
                    ],
                    "primary": {
                        "id": "rtbassoc-49626d2f",
                        "attributes": {
                            "id": "rtbassoc-49626d2f",
                            "route_table_id": "rtb-80e111e6",
                            "subnet_id": "subnet-a597caec"
                        },
                        "meta": {},
                        "tainted": false
                    },
                    "deposed": [],
                    "provider": "provider.aws"
                },
                "aws_route_table_association.private-ap-southeast-1c-k8s-original4sure-com": {
                    "type": "aws_route_table_association",
                    "depends_on": [
                        "aws_route_table.private-ap-southeast-1c-k8s-original4sure-com",
                        "aws_subnet.ap-southeast-1c-k8s-original4sure-com"
                    ],
                    "primary": {
                        "id": "rtbassoc-05666963",
                        "attributes": {
                            "id": "rtbassoc-05666963",
                            "route_table_id": "rtb-6ee51508",
                            "subnet_id": "subnet-54d7370d"
                        },
                        "meta": {},
                        "tainted": false
                    },
                    "deposed": [],
                    "provider": "provider.aws"
                },
                "aws_route_table_association.utility-ap-southeast-1a-k8s-original4sure-com": {
                    "type": "aws_route_table_association",
                    "depends_on": [
                        "aws_route_table.k8s-original4sure-com",
                        "aws_subnet.utility-ap-southeast-1a-k8s-original4sure-com"
                    ],
                    "primary": {
                        "id": "rtbassoc-ba6867dc",
                        "attributes": {
                            "id": "rtbassoc-ba6867dc",
                            "route_table_id": "rtb-c4e414a2",
                            "subnet_id": "subnet-f85e7f9f"
                        },
                        "meta": {},
                        "tainted": false
                    },
                    "deposed": [],
                    "provider": "provider.aws"
                },
                "aws_route_table_association.utility-ap-southeast-1b-k8s-original4sure-com": {
                    "type": "aws_route_table_association",
                    "depends_on": [
                        "aws_route_table.k8s-original4sure-com",
                        "aws_subnet.utility-ap-southeast-1b-k8s-original4sure-com"
                    ],
                    "primary": {
                        "id": "rtbassoc-d56966b3",
                        "attributes": {
                            "id": "rtbassoc-d56966b3",
                            "route_table_id": "rtb-c4e414a2",
                            "subnet_id": "subnet-21d78168"
                        },
                        "meta": {},
                        "tainted": false
                    },
                    "deposed": [],
                    "provider": "provider.aws"
                },
                "aws_route_table_association.utility-ap-southeast-1c-k8s-original4sure-com": {
                    "type": "aws_route_table_association",
                    "depends_on": [
                        "aws_route_table.k8s-original4sure-com",
                        "aws_subnet.utility-ap-southeast-1c-k8s-original4sure-com"
                    ],
                    "primary": {
                        "id": "rtbassoc-6f666909",
                        "attributes": {
                            "id": "rtbassoc-6f666909",
                            "route_table_id": "rtb-c4e414a2",
                            "subnet_id": "subnet-08dc3b51"
                        },
                        "meta": {},
                        "tainted": false
                    },
                    "deposed": [],
                    "provider": "provider.aws"
                },
                "aws_security_group.api-elb-k8s-original4sure-com": {
                    "type": "aws_security_group",
                    "depends_on": [
                        "aws_vpc.k8s-original4sure-com"
                    ],
                    "primary": {
                        "id": "sg-cccdeeb5",
                        "attributes": {
                            "arn": "arn:aws:ec2:ap-southeast-1:956613982393:security-group/sg-cccdeeb5",
                            "description": "Security group for api ELB",
                            "egress.#": "0",
                            "id": "sg-cccdeeb5",
                            "ingress.#": "0",
                            "name": "api-elb.k8s.original4sure.com",
                            "owner_id": "956613982393",
                            "revoke_rules_on_delete": "false",
                            "tags.%": "3",
                            "tags.KubernetesCluster": "k8s.original4sure.com",
                            "tags.Name": "api-elb.k8s.original4sure.com",
                            "tags.kubernetes.io/cluster/k8s.original4sure.com": "owned",
                            "vpc_id": "vpc-48f4992f"
                        },
                        "meta": {
                            "e2bfb730-ecaa-11e6-8f88-34363bc7c4c0": {
                                "create": 600000000000,
                                "delete": 600000000000
                            },
                            "schema_version": "1"
                        },
                        "tainted": false
                    },
                    "deposed": [],
                    "provider": "provider.aws"
                },
                "aws_security_group.bastion-elb-k8s-original4sure-com": {
                    "type": "aws_security_group",
                    "depends_on": [
                        "aws_vpc.k8s-original4sure-com"
                    ],
                    "primary": {
                        "id": "sg-40d9fa39",
                        "attributes": {
                            "arn": "arn:aws:ec2:ap-southeast-1:956613982393:security-group/sg-40d9fa39",
                            "description": "Security group for bastion ELB",
                            "egress.#": "0",
                            "id": "sg-40d9fa39",
                            "ingress.#": "0",
                            "name": "bastion-elb.k8s.original4sure.com",
                            "owner_id": "956613982393",
                            "revoke_rules_on_delete": "false",
                            "tags.%": "3",
                            "tags.KubernetesCluster": "k8s.original4sure.com",
                            "tags.Name": "bastion-elb.k8s.original4sure.com",
                            "tags.kubernetes.io/cluster/k8s.original4sure.com": "owned",
                            "vpc_id": "vpc-48f4992f"
                        },
                        "meta": {
                            "e2bfb730-ecaa-11e6-8f88-34363bc7c4c0": {
                                "create": 600000000000,
                                "delete": 600000000000
                            },
                            "schema_version": "1"
                        },
                        "tainted": false
                    },
                    "deposed": [],
                    "provider": "provider.aws"
                },
                "aws_security_group.bastion-k8s-original4sure-com": {
                    "type": "aws_security_group",
                    "depends_on": [
                        "aws_vpc.k8s-original4sure-com"
                    ],
                    "primary": {
                        "id": "sg-43d9fa3a",
                        "attributes": {
                            "arn": "arn:aws:ec2:ap-southeast-1:956613982393:security-group/sg-43d9fa3a",
                            "description": "Security group for bastion",
                            "egress.#": "0",
                            "id": "sg-43d9fa3a",
                            "ingress.#": "0",
                            "name": "bastion.k8s.original4sure.com",
                            "owner_id": "956613982393",
                            "revoke_rules_on_delete": "false",
                            "tags.%": "3",
                            "tags.KubernetesCluster": "k8s.original4sure.com",
                            "tags.Name": "bastion.k8s.original4sure.com",
                            "tags.kubernetes.io/cluster/k8s.original4sure.com": "owned",
                            "vpc_id": "vpc-48f4992f"
                        },
                        "meta": {
                            "e2bfb730-ecaa-11e6-8f88-34363bc7c4c0": {
                                "create": 600000000000,
                                "delete": 600000000000
                            },
                            "schema_version": "1"
                        },
                        "tainted": false
                    },
                    "deposed": [],
                    "provider": "provider.aws"
                },
                "aws_security_group.masters-k8s-original4sure-com": {
                    "type": "aws_security_group",
                    "depends_on": [
                        "aws_vpc.k8s-original4sure-com"
                    ],
                    "primary": {
                        "id": "sg-42d9fa3b",
                        "attributes": {
                            "arn": "arn:aws:ec2:ap-southeast-1:956613982393:security-group/sg-42d9fa3b",
                            "description": "Security group for masters",
                            "egress.#": "0",
                            "id": "sg-42d9fa3b",
                            "ingress.#": "0",
                            "name": "masters.k8s.original4sure.com",
                            "owner_id": "956613982393",
                            "revoke_rules_on_delete": "false",
                            "tags.%": "3",
                            "tags.KubernetesCluster": "k8s.original4sure.com",
                            "tags.Name": "masters.k8s.original4sure.com",
                            "tags.kubernetes.io/cluster/k8s.original4sure.com": "owned",
                            "vpc_id": "vpc-48f4992f"
                        },
                        "meta": {
                            "e2bfb730-ecaa-11e6-8f88-34363bc7c4c0": {
                                "create": 600000000000,
                                "delete": 600000000000
                            },
                            "schema_version": "1"
                        },
                        "tainted": false
                    },
                    "deposed": [],
                    "provider": "provider.aws"
                },
                "aws_security_group.nodes-k8s-original4sure-com": {
                    "type": "aws_security_group",
                    "depends_on": [
                        "aws_vpc.k8s-original4sure-com"
                    ],
                    "primary": {
                        "id": "sg-25d0f35c",
                        "attributes": {
                            "arn": "arn:aws:ec2:ap-southeast-1:956613982393:security-group/sg-25d0f35c",
                            "description": "Security group for nodes",
                            "egress.#": "0",
                            "id": "sg-25d0f35c",
                            "ingress.#": "0",
                            "name": "nodes.k8s.original4sure.com",
                            "owner_id": "956613982393",
                            "revoke_rules_on_delete": "false",
                            "tags.%": "3",
                            "tags.KubernetesCluster": "k8s.original4sure.com",
                            "tags.Name": "nodes.k8s.original4sure.com",
                            "tags.kubernetes.io/cluster/k8s.original4sure.com": "owned",
                            "vpc_id": "vpc-48f4992f"
                        },
                        "meta": {
                            "e2bfb730-ecaa-11e6-8f88-34363bc7c4c0": {
                                "create": 600000000000,
                                "delete": 600000000000
                            },
                            "schema_version": "1"
                        },
                        "tainted": false
                    },
                    "deposed": [],
                    "provider": "provider.aws"
                },
                "aws_security_group_rule.all-master-to-master": {
                    "type": "aws_security_group_rule",
                    "depends_on": [
                        "aws_security_group.masters-k8s-original4sure-com"
                    ],
                    "primary": {
                        "id": "sgrule-1510428722",
                        "attributes": {
                            "from_port": "0",
                            "id": "sgrule-1510428722",
                            "protocol": "-1",
                            "security_group_id": "sg-42d9fa3b",
                            "self": "false",
                            "source_security_group_id": "sg-42d9fa3b",
                            "to_port": "0",
                            "type": "ingress"
                        },
                        "meta": {
                            "schema_version": "2"
                        },
                        "tainted": false
                    },
                    "deposed": [],
                    "provider": "provider.aws"
                },
                "aws_security_group_rule.all-master-to-node": {
                    "type": "aws_security_group_rule",
                    "depends_on": [
                        "aws_security_group.masters-k8s-original4sure-com",
                        "aws_security_group.nodes-k8s-original4sure-com"
                    ],
                    "primary": {
                        "id": "sgrule-2124696190",
                        "attributes": {
                            "from_port": "0",
                            "id": "sgrule-2124696190",
                            "protocol": "-1",
                            "security_group_id": "sg-25d0f35c",
                            "self": "false",
                            "source_security_group_id": "sg-42d9fa3b",
                            "to_port": "0",
                            "type": "ingress"
                        },
                        "meta": {
                            "schema_version": "2"
                        },
                        "tainted": false
                    },
                    "deposed": [],
                    "provider": "provider.aws"
                },
                "aws_security_group_rule.all-node-to-node": {
                    "type": "aws_security_group_rule",
                    "depends_on": [
                        "aws_security_group.nodes-k8s-original4sure-com"
                    ],
                    "primary": {
                        "id": "sgrule-3828988771",
                        "attributes": {
                            "from_port": "0",
                            "id": "sgrule-3828988771",
                            "protocol": "-1",
                            "security_group_id": "sg-25d0f35c",
                            "self": "false",
                            "source_security_group_id": "sg-25d0f35c",
                            "to_port": "0",
                            "type": "ingress"
                        },
                        "meta": {
                            "schema_version": "2"
                        },
                        "tainted": false
                    },
                    "deposed": [],
                    "provider": "provider.aws"
                },
                "aws_security_group_rule.api-elb-egress": {
                    "type": "aws_security_group_rule",
                    "depends_on": [
                        "aws_security_group.api-elb-k8s-original4sure-com"
                    ],
                    "primary": {
                        "id": "sgrule-4225535479",
                        "attributes": {
                            "cidr_blocks.#": "1",
                            "cidr_blocks.0": "0.0.0.0/0",
                            "from_port": "0",
                            "id": "sgrule-4225535479",
                            "protocol": "-1",
                            "security_group_id": "sg-cccdeeb5",
                            "self": "false",
                            "to_port": "0",
                            "type": "egress"
                        },
                        "meta": {
                            "schema_version": "2"
                        },
                        "tainted": false
                    },
                    "deposed": [],
                    "provider": "provider.aws"
                },
                "aws_security_group_rule.bastion-egress": {
                    "type": "aws_security_group_rule",
                    "depends_on": [
                        "aws_security_group.bastion-k8s-original4sure-com"
                    ],
                    "primary": {
                        "id": "sgrule-1462132994",
                        "attributes": {
                            "cidr_blocks.#": "1",
                            "cidr_blocks.0": "0.0.0.0/0",
                            "from_port": "0",
                            "id": "sgrule-1462132994",
                            "protocol": "-1",
                            "security_group_id": "sg-43d9fa3a",
                            "self": "false",
                            "to_port": "0",
                            "type": "egress"
                        },
                        "meta": {
                            "schema_version": "2"
                        },
                        "tainted": false
                    },
                    "deposed": [],
                    "provider": "provider.aws"
                },
                "aws_security_group_rule.bastion-elb-egress": {
                    "type": "aws_security_group_rule",
                    "depends_on": [
                        "aws_security_group.bastion-elb-k8s-original4sure-com"
                    ],
                    "primary": {
                        "id": "sgrule-2399283619",
                        "attributes": {
                            "cidr_blocks.#": "1",
                            "cidr_blocks.0": "0.0.0.0/0",
                            "from_port": "0",
                            "id": "sgrule-2399283619",
                            "protocol": "-1",
                            "security_group_id": "sg-40d9fa39",
                            "self": "false",
                            "to_port": "0",
                            "type": "egress"
                        },
                        "meta": {
                            "schema_version": "2"
                        },
                        "tainted": false
                    },
                    "deposed": [],
                    "provider": "provider.aws"
                },
                "aws_security_group_rule.bastion-to-master-ssh": {
                    "type": "aws_security_group_rule",
                    "depends_on": [
                        "aws_security_group.bastion-k8s-original4sure-com",
                        "aws_security_group.masters-k8s-original4sure-com"
                    ],
                    "primary": {
                        "id": "sgrule-1877784",
                        "attributes": {
                            "from_port": "22",
                            "id": "sgrule-1877784",
                            "protocol": "tcp",
                            "security_group_id": "sg-42d9fa3b",
                            "self": "false",
                            "source_security_group_id": "sg-43d9fa3a",
                            "to_port": "22",
                            "type": "ingress"
                        },
                        "meta": {
                            "schema_version": "2"
                        },
                        "tainted": false
                    },
                    "deposed": [],
                    "provider": "provider.aws"
                },
                "aws_security_group_rule.bastion-to-node-ssh": {
                    "type": "aws_security_group_rule",
                    "depends_on": [
                        "aws_security_group.bastion-k8s-original4sure-com",
                        "aws_security_group.nodes-k8s-original4sure-com"
                    ],
                    "primary": {
                        "id": "sgrule-959268039",
                        "attributes": {
                            "from_port": "22",
                            "id": "sgrule-959268039",
                            "protocol": "tcp",
                            "security_group_id": "sg-25d0f35c",
                            "self": "false",
                            "source_security_group_id": "sg-43d9fa3a",
                            "to_port": "22",
                            "type": "ingress"
                        },
                        "meta": {
                            "schema_version": "2"
                        },
                        "tainted": false
                    },
                    "deposed": [],
                    "provider": "provider.aws"
                },
                "aws_security_group_rule.https-api-elb-0-0-0-0--0": {
                    "type": "aws_security_group_rule",
                    "depends_on": [
                        "aws_security_group.api-elb-k8s-original4sure-com"
                    ],
                    "primary": {
                        "id": "sgrule-3110178312",
                        "attributes": {
                            "cidr_blocks.#": "1",
                            "cidr_blocks.0": "0.0.0.0/0",
                            "from_port": "443",
                            "id": "sgrule-3110178312",
                            "protocol": "tcp",
                            "security_group_id": "sg-cccdeeb5",
                            "self": "false",
                            "to_port": "443",
                            "type": "ingress"
                        },
                        "meta": {
                            "schema_version": "2"
                        },
                        "tainted": false
                    },
                    "deposed": [],
                    "provider": "provider.aws"
                },
                "aws_security_group_rule.https-elb-to-master": {
                    "type": "aws_security_group_rule",
                    "depends_on": [
                        "aws_security_group.api-elb-k8s-original4sure-com",
                        "aws_security_group.masters-k8s-original4sure-com"
                    ],
                    "primary": {
                        "id": "sgrule-3361841462",
                        "attributes": {
                            "from_port": "443",
                            "id": "sgrule-3361841462",
                            "protocol": "tcp",
                            "security_group_id": "sg-42d9fa3b",
                            "self": "false",
                            "source_security_group_id": "sg-cccdeeb5",
                            "to_port": "443",
                            "type": "ingress"
                        },
                        "meta": {
                            "schema_version": "2"
                        },
                        "tainted": false
                    },
                    "deposed": [],
                    "provider": "provider.aws"
                },
                "aws_security_group_rule.master-egress": {
                    "type": "aws_security_group_rule",
                    "depends_on": [
                        "aws_security_group.masters-k8s-original4sure-com"
                    ],
                    "primary": {
                        "id": "sgrule-1877684575",
                        "attributes": {
                            "cidr_blocks.#": "1",
                            "cidr_blocks.0": "0.0.0.0/0",
                            "from_port": "0",
                            "id": "sgrule-1877684575",
                            "protocol": "-1",
                            "security_group_id": "sg-42d9fa3b",
                            "self": "false",
                            "to_port": "0",
                            "type": "egress"
                        },
                        "meta": {
                            "schema_version": "2"
                        },
                        "tainted": false
                    },
                    "deposed": [],
                    "provider": "provider.aws"
                },
                "aws_security_group_rule.node-egress": {
                    "type": "aws_security_group_rule",
                    "depends_on": [
                        "aws_security_group.nodes-k8s-original4sure-com"
                    ],
                    "primary": {
                        "id": "sgrule-853132931",
                        "attributes": {
                            "cidr_blocks.#": "1",
                            "cidr_blocks.0": "0.0.0.0/0",
                            "from_port": "0",
                            "id": "sgrule-853132931",
                            "protocol": "-1",
                            "security_group_id": "sg-25d0f35c",
                            "self": "false",
                            "to_port": "0",
                            "type": "egress"
                        },
                        "meta": {
                            "schema_version": "2"
                        },
                        "tainted": false
                    },
                    "deposed": [],
                    "provider": "provider.aws"
                },
                "aws_security_group_rule.node-to-master-tcp-1-2379": {
                    "type": "aws_security_group_rule",
                    "depends_on": [
                        "aws_security_group.masters-k8s-original4sure-com",
                        "aws_security_group.nodes-k8s-original4sure-com"
                    ],
                    "primary": {
                        "id": "sgrule-772590284",
                        "attributes": {
                            "from_port": "1",
                            "id": "sgrule-772590284",
                            "protocol": "tcp",
                            "security_group_id": "sg-42d9fa3b",
                            "self": "false",
                            "source_security_group_id": "sg-25d0f35c",
                            "to_port": "2379",
                            "type": "ingress"
                        },
                        "meta": {
                            "schema_version": "2"
                        },
                        "tainted": false
                    },
                    "deposed": [],
                    "provider": "provider.aws"
                },
                "aws_security_group_rule.node-to-master-tcp-2382-4000": {
                    "type": "aws_security_group_rule",
                    "depends_on": [
                        "aws_security_group.masters-k8s-original4sure-com",
                        "aws_security_group.nodes-k8s-original4sure-com"
                    ],
                    "primary": {
                        "id": "sgrule-1740769441",
                        "attributes": {
                            "from_port": "2382",
                            "id": "sgrule-1740769441",
                            "protocol": "tcp",
                            "security_group_id": "sg-42d9fa3b",
                            "self": "false",
                            "source_security_group_id": "sg-25d0f35c",
                            "to_port": "4000",
                            "type": "ingress"
                        },
                        "meta": {
                            "schema_version": "2"
                        },
                        "tainted": false
                    },
                    "deposed": [],
                    "provider": "provider.aws"
                },
                "aws_security_group_rule.node-to-master-tcp-4003-65535": {
                    "type": "aws_security_group_rule",
                    "depends_on": [
                        "aws_security_group.masters-k8s-original4sure-com",
                        "aws_security_group.nodes-k8s-original4sure-com"
                    ],
                    "primary": {
                        "id": "sgrule-768819621",
                        "attributes": {
                            "from_port": "4003",
                            "id": "sgrule-768819621",
                            "protocol": "tcp",
                            "security_group_id": "sg-42d9fa3b",
                            "self": "false",
                            "source_security_group_id": "sg-25d0f35c",
                            "to_port": "65535",
                            "type": "ingress"
                        },
                        "meta": {
                            "schema_version": "2"
                        },
                        "tainted": false
                    },
                    "deposed": [],
                    "provider": "provider.aws"
                },
                "aws_security_group_rule.node-to-master-udp-1-65535": {
                    "type": "aws_security_group_rule",
                    "depends_on": [
                        "aws_security_group.masters-k8s-original4sure-com",
                        "aws_security_group.nodes-k8s-original4sure-com"
                    ],
                    "primary": {
                        "id": "sgrule-2634393770",
                        "attributes": {
                            "from_port": "1",
                            "id": "sgrule-2634393770",
                            "protocol": "udp",
                            "security_group_id": "sg-42d9fa3b",
                            "self": "false",
                            "source_security_group_id": "sg-25d0f35c",
                            "to_port": "65535",
                            "type": "ingress"
                        },
                        "meta": {
                            "schema_version": "2"
                        },
                        "tainted": false
                    },
                    "deposed": [],
                    "provider": "provider.aws"
                },
                "aws_security_group_rule.ssh-elb-to-bastion": {
                    "type": "aws_security_group_rule",
                    "depends_on": [
                        "aws_security_group.bastion-elb-k8s-original4sure-com",
                        "aws_security_group.bastion-k8s-original4sure-com"
                    ],
                    "primary": {
                        "id": "sgrule-1319132777",
                        "attributes": {
                            "from_port": "22",
                            "id": "sgrule-1319132777",
                            "protocol": "tcp",
                            "security_group_id": "sg-43d9fa3a",
                            "self": "false",
                            "source_security_group_id": "sg-40d9fa39",
                            "to_port": "22",
                            "type": "ingress"
                        },
                        "meta": {
                            "schema_version": "2"
                        },
                        "tainted": false
                    },
                    "deposed": [],
                    "provider": "provider.aws"
                },
                "aws_security_group_rule.ssh-external-to-bastion-elb-0-0-0-0--0": {
                    "type": "aws_security_group_rule",
                    "depends_on": [
                        "aws_security_group.bastion-elb-k8s-original4sure-com"
                    ],
                    "primary": {
                        "id": "sgrule-1305478118",
                        "attributes": {
                            "cidr_blocks.#": "1",
                            "cidr_blocks.0": "0.0.0.0/0",
                            "from_port": "22",
                            "id": "sgrule-1305478118",
                            "protocol": "tcp",
                            "security_group_id": "sg-40d9fa39",
                            "self": "false",
                            "to_port": "22",
                            "type": "ingress"
                        },
                        "meta": {
                            "schema_version": "2"
                        },
                        "tainted": false
                    },
                    "deposed": [],
                    "provider": "provider.aws"
                },
                "aws_subnet.ap-southeast-1a-k8s-original4sure-com": {
                    "type": "aws_subnet",
                    "depends_on": [
                        "aws_vpc.k8s-original4sure-com"
                    ],
                    "primary": {
                        "id": "subnet-967e52f1",
                        "attributes": {
                            "assign_ipv6_address_on_creation": "false",
                            "availability_zone": "ap-southeast-1a",
                            "cidr_block": "172.20.32.0/19",
                            "id": "subnet-967e52f1",
                            "map_public_ip_on_launch": "false",
                            "tags.%": "5",
                            "tags.KubernetesCluster": "k8s.original4sure.com",
                            "tags.Name": "ap-southeast-1a.k8s.original4sure.com",
                            "tags.SubnetType": "Private",
                            "tags.kubernetes.io/cluster/k8s.original4sure.com": "owned",
                            "tags.kubernetes.io/role/internal-elb": "1",
                            "vpc_id": "vpc-48f4992f"
                        },
                        "meta": {
                            "schema_version": "1"
                        },
                        "tainted": false
                    },
                    "deposed": [],
                    "provider": "provider.aws"
                },
                "aws_subnet.ap-southeast-1b-k8s-original4sure-com": {
                    "type": "aws_subnet",
                    "depends_on": [
                        "aws_vpc.k8s-original4sure-com"
                    ],
                    "primary": {
                        "id": "subnet-a597caec",
                        "attributes": {
                            "assign_ipv6_address_on_creation": "false",
                            "availability_zone": "ap-southeast-1b",
                            "cidr_block": "172.20.64.0/19",
                            "id": "subnet-a597caec",
                            "map_public_ip_on_launch": "false",
                            "tags.%": "5",
                            "tags.KubernetesCluster": "k8s.original4sure.com",
                            "tags.Name": "ap-southeast-1b.k8s.original4sure.com",
                            "tags.SubnetType": "Private",
                            "tags.kubernetes.io/cluster/k8s.original4sure.com": "owned",
                            "tags.kubernetes.io/role/internal-elb": "1",
                            "vpc_id": "vpc-48f4992f"
                        },
                        "meta": {
                            "schema_version": "1"
                        },
                        "tainted": false
                    },
                    "deposed": [],
                    "provider": "provider.aws"
                },
                "aws_subnet.ap-southeast-1c-k8s-original4sure-com": {
                    "type": "aws_subnet",
                    "depends_on": [
                        "aws_vpc.k8s-original4sure-com"
                    ],
                    "primary": {
                        "id": "subnet-54d7370d",
                        "attributes": {
                            "assign_ipv6_address_on_creation": "false",
                            "availability_zone": "ap-southeast-1c",
                            "cidr_block": "172.20.96.0/19",
                            "id": "subnet-54d7370d",
                            "map_public_ip_on_launch": "false",
                            "tags.%": "5",
                            "tags.KubernetesCluster": "k8s.original4sure.com",
                            "tags.Name": "ap-southeast-1c.k8s.original4sure.com",
                            "tags.SubnetType": "Private",
                            "tags.kubernetes.io/cluster/k8s.original4sure.com": "owned",
                            "tags.kubernetes.io/role/internal-elb": "1",
                            "vpc_id": "vpc-48f4992f"
                        },
                        "meta": {
                            "schema_version": "1"
                        },
                        "tainted": false
                    },
                    "deposed": [],
                    "provider": "provider.aws"
                },
                "aws_subnet.utility-ap-southeast-1a-k8s-original4sure-com": {
                    "type": "aws_subnet",
                    "depends_on": [
                        "aws_vpc.k8s-original4sure-com"
                    ],
                    "primary": {
                        "id": "subnet-f85e7f9f",
                        "attributes": {
                            "assign_ipv6_address_on_creation": "false",
                            "availability_zone": "ap-southeast-1a",
                            "cidr_block": "172.20.0.0/22",
                            "id": "subnet-f85e7f9f",
                            "map_public_ip_on_launch": "false",
                            "tags.%": "5",
                            "tags.KubernetesCluster": "k8s.original4sure.com",
                            "tags.Name": "utility-ap-southeast-1a.k8s.original4sure.com",
                            "tags.SubnetType": "Utility",
                            "tags.kubernetes.io/cluster/k8s.original4sure.com": "owned",
                            "tags.kubernetes.io/role/elb": "1",
                            "vpc_id": "vpc-48f4992f"
                        },
                        "meta": {
                            "schema_version": "1"
                        },
                        "tainted": false
                    },
                    "deposed": [],
                    "provider": "provider.aws"
                },
                "aws_subnet.utility-ap-southeast-1b-k8s-original4sure-com": {
                    "type": "aws_subnet",
                    "depends_on": [
                        "aws_vpc.k8s-original4sure-com"
                    ],
                    "primary": {
                        "id": "subnet-21d78168",
                        "attributes": {
                            "assign_ipv6_address_on_creation": "false",
                            "availability_zone": "ap-southeast-1b",
                            "cidr_block": "172.20.4.0/22",
                            "id": "subnet-21d78168",
                            "map_public_ip_on_launch": "false",
                            "tags.%": "5",
                            "tags.KubernetesCluster": "k8s.original4sure.com",
                            "tags.Name": "utility-ap-southeast-1b.k8s.original4sure.com",
                            "tags.SubnetType": "Utility",
                            "tags.kubernetes.io/cluster/k8s.original4sure.com": "owned",
                            "tags.kubernetes.io/role/elb": "1",
                            "vpc_id": "vpc-48f4992f"
                        },
                        "meta": {
                            "schema_version": "1"
                        },
                        "tainted": false
                    },
                    "deposed": [],
                    "provider": "provider.aws"
                },
                "aws_subnet.utility-ap-southeast-1c-k8s-original4sure-com": {
                    "type": "aws_subnet",
                    "depends_on": [
                        "aws_vpc.k8s-original4sure-com"
                    ],
                    "primary": {
                        "id": "subnet-08dc3b51",
                        "attributes": {
                            "assign_ipv6_address_on_creation": "false",
                            "availability_zone": "ap-southeast-1c",
                            "cidr_block": "172.20.8.0/22",
                            "id": "subnet-08dc3b51",
                            "map_public_ip_on_launch": "false",
                            "tags.%": "5",
                            "tags.KubernetesCluster": "k8s.original4sure.com",
                            "tags.Name": "utility-ap-southeast-1c.k8s.original4sure.com",
                            "tags.SubnetType": "Utility",
                            "tags.kubernetes.io/cluster/k8s.original4sure.com": "owned",
                            "tags.kubernetes.io/role/elb": "1",
                            "vpc_id": "vpc-48f4992f"
                        },
                        "meta": {
                            "schema_version": "1"
                        },
                        "tainted": false
                    },
                    "deposed": [],
                    "provider": "provider.aws"
                },
                "aws_vpc.k8s-original4sure-com": {
                    "type": "aws_vpc",
                    "depends_on": [],
                    "primary": {
                        "id": "vpc-48f4992f",
                        "attributes": {
                            "assign_generated_ipv6_cidr_block": "false",
                            "cidr_block": "172.20.0.0/16",
                            "default_network_acl_id": "acl-3b22295c",
                            "default_route_table_id": "rtb-d11bf3b7",
                            "default_security_group_id": "sg-89f4a4f0",
                            "dhcp_options_id": "default",
                            "enable_classiclink": "false",
                            "enable_classiclink_dns_support": "false",
                            "enable_dns_hostnames": "true",
                            "enable_dns_support": "true",
                            "id": "vpc-48f4992f",
                            "instance_tenancy": "default",
                            "main_route_table_id": "rtb-d11bf3b7",
                            "tags.%": "3",
                            "tags.KubernetesCluster": "k8s.original4sure.com",
                            "tags.Name": "k8s.original4sure.com",
                            "tags.kubernetes.io/cluster/k8s.original4sure.com": "owned"
                        },
                        "meta": {
                            "schema_version": "1"
                        },
                        "tainted": false
                    },
                    "deposed": [],
                    "provider": "provider.aws"
                },
                "aws_vpc_dhcp_options.k8s-original4sure-com": {
                    "type": "aws_vpc_dhcp_options",
                    "depends_on": [],
                    "primary": {
                        "id": "dopt-fc57379b",
                        "attributes": {
                            "domain_name": "ap-southeast-1.compute.internal",
                            "domain_name_servers.#": "1",
                            "domain_name_servers.0": "AmazonProvidedDNS",
                            "id": "dopt-fc57379b",
                            "tags.%": "3",
                            "tags.KubernetesCluster": "k8s.original4sure.com",
                            "tags.Name": "k8s.original4sure.com",
                            "tags.kubernetes.io/cluster/k8s.original4sure.com": "owned"
                        },
                        "meta": {},
                        "tainted": false
                    },
                    "deposed": [],
                    "provider": "provider.aws"
                },
                "aws_vpc_dhcp_options_association.k8s-original4sure-com": {
                    "type": "aws_vpc_dhcp_options_association",
                    "depends_on": [
                        "aws_vpc.k8s-original4sure-com",
                        "aws_vpc_dhcp_options.k8s-original4sure-com"
                    ],
                    "primary": {
                        "id": "dopt-fc57379b-vpc-48f4992f",
                        "attributes": {
                            "dhcp_options_id": "dopt-fc57379b",
                            "id": "dopt-fc57379b-vpc-48f4992f",
                            "vpc_id": "vpc-48f4992f"
                        },
                        "meta": {},
                        "tainted": false
                    },
                    "deposed": [],
                    "provider": "provider.aws"
                }
            },
            "depends_on": []
        }
    ]
}
