{
    "version": 3,
    "terraform_version": "0.11.7",
    "serial": 4,
    "lineage": "8c229cd0-3deb-d569-cf1d-94a0c42f11ef",
    "modules": [
        {
            "path": [
                "root"
            ],
            "outputs": {
                "bastion_security_group_ids": {
                    "sensitive": false,
                    "type": "list",
                    "value": [
                        "sg-2af8a853"
                    ]
                },
                "master_security_group_ids": {
                    "sensitive": false,
                    "type": "list",
                    "value": [
                        "sg-e2f2a29b"
                    ]
                },
                "node_security_group_ids": {
                    "sensitive": false,
                    "type": "list",
                    "value": [
                        "sg-5cf4a425"
                    ]
                },
                "node_subnet_ids": {
                    "sensitive": false,
                    "type": "list",
                    "value": [
                        "subnet-2923024e",
                        "subnet-71abfd38",
                        "subnet-81d83fd8"
                    ]
                },
                "vpc_id": {
                    "sensitive": false,
                    "type": "string",
                    "value": "vpc-48f4992f"
                }
            },
            "resources": {
                "aws_internet_gateway.k8s-original4sure-com": {
                    "type": "aws_internet_gateway",
                    "depends_on": [
                        "aws_vpc.k8s-original4sure-com"
                    ],
                    "primary": {
                        "id": "igw-985f3cfc",
                        "attributes": {
                            "id": "igw-985f3cfc",
                            "tags.%": "3",
                            "tags.KubernetesCluster": "k8s.original4sure.com",
                            "tags.Name": "k8s.original4sure.com",
                            "tags.kubernetes.io/cluster/k8s.original4sure.com": "owned",
                            "vpc_id": "vpc-48f4992f"
                        },
                        "meta": {},
                        "tainted": false
                    },
                    "deposed": [],
                    "provider": "provider.aws"
                },
                "aws_subnet.utility-ap-southeast-1a-k8s-original4sure-com": {
                    "type": "aws_subnet",
                    "depends_on": [
                        "aws_vpc.k8s-original4sure-com"
                    ],
                    "primary": {
                        "id": "subnet-f85e7f9f",
                        "attributes": {
                            "assign_ipv6_address_on_creation": "false",
                            "availability_zone": "ap-southeast-1a",
                            "cidr_block": "172.20.0.0/22",
                            "id": "subnet-f85e7f9f",
                            "map_public_ip_on_launch": "false",
                            "tags.%": "5",
                            "tags.KubernetesCluster": "k8s.original4sure.com",
                            "tags.Name": "utility-ap-southeast-1a.k8s.original4sure.com",
                            "tags.SubnetType": "Utility",
                            "tags.kubernetes.io/cluster/k8s.original4sure.com": "owned",
                            "tags.kubernetes.io/role/elb": "1",
                            "vpc_id": "vpc-48f4992f"
                        },
                        "meta": {
                            "schema_version": "1"
                        },
                        "tainted": false
                    },
                    "deposed": [],
                    "provider": "provider.aws"
                },
                "aws_subnet.utility-ap-southeast-1b-k8s-original4sure-com": {
                    "type": "aws_subnet",
                    "depends_on": [
                        "aws_vpc.k8s-original4sure-com"
                    ],
                    "primary": {
                        "id": "subnet-21d78168",
                        "attributes": {
                            "assign_ipv6_address_on_creation": "false",
                            "availability_zone": "ap-southeast-1b",
                            "cidr_block": "172.20.4.0/22",
                            "id": "subnet-21d78168",
                            "map_public_ip_on_launch": "false",
                            "tags.%": "5",
                            "tags.KubernetesCluster": "k8s.original4sure.com",
                            "tags.Name": "utility-ap-southeast-1b.k8s.original4sure.com",
                            "tags.SubnetType": "Utility",
                            "tags.kubernetes.io/cluster/k8s.original4sure.com": "owned",
                            "tags.kubernetes.io/role/elb": "1",
                            "vpc_id": "vpc-48f4992f"
                        },
                        "meta": {
                            "schema_version": "1"
                        },
                        "tainted": false
                    },
                    "deposed": [],
                    "provider": "provider.aws"
                },
                "aws_subnet.utility-ap-southeast-1c-k8s-original4sure-com": {
                    "type": "aws_subnet",
                    "depends_on": [
                        "aws_vpc.k8s-original4sure-com"
                    ],
                    "primary": {
                        "id": "subnet-08dc3b51",
                        "attributes": {
                            "assign_ipv6_address_on_creation": "false",
                            "availability_zone": "ap-southeast-1c",
                            "cidr_block": "172.20.8.0/22",
                            "id": "subnet-08dc3b51",
                            "map_public_ip_on_launch": "false",
                            "tags.%": "5",
                            "tags.KubernetesCluster": "k8s.original4sure.com",
                            "tags.Name": "utility-ap-southeast-1c.k8s.original4sure.com",
                            "tags.SubnetType": "Utility",
                            "tags.kubernetes.io/cluster/k8s.original4sure.com": "owned",
                            "tags.kubernetes.io/role/elb": "1",
                            "vpc_id": "vpc-48f4992f"
                        },
                        "meta": {
                            "schema_version": "1"
                        },
                        "tainted": false
                    },
                    "deposed": [],
                    "provider": "provider.aws"
                },
                "aws_vpc.k8s-original4sure-com": {
                    "type": "aws_vpc",
                    "depends_on": [],
                    "primary": {
                        "id": "vpc-48f4992f",
                        "attributes": {
                            "assign_generated_ipv6_cidr_block": "false",
                            "cidr_block": "172.20.0.0/16",
                            "default_network_acl_id": "acl-3b22295c",
                            "default_route_table_id": "rtb-d11bf3b7",
                            "default_security_group_id": "sg-89f4a4f0",
                            "dhcp_options_id": "dopt-469c0721",
                            "enable_classiclink": "false",
                            "enable_classiclink_dns_support": "false",
                            "enable_dns_hostnames": "true",
                            "enable_dns_support": "true",
                            "id": "vpc-48f4992f",
                            "instance_tenancy": "default",
                            "main_route_table_id": "rtb-d11bf3b7",
                            "tags.%": "3",
                            "tags.KubernetesCluster": "k8s.original4sure.com",
                            "tags.Name": "k8s.original4sure.com",
                            "tags.kubernetes.io/cluster/k8s.original4sure.com": "owned"
                        },
                        "meta": {
                            "schema_version": "1"
                        },
                        "tainted": false
                    },
                    "deposed": [],
                    "provider": "provider.aws"
                }
            },
            "depends_on": []
        }
    ]
}
